// !$*UTF8*$!
{
	archiveVersion = 1;
	classes = {
	};
	objectVersion = 50;
	objects = {

/* Begin PBXBuildFile section */
		FC32EA3B2529F9280033EF80 /* Store.swift in Sources */ = {isa = PBXBuildFile; fileRef = FC32EA3A2529F9280033EF80 /* Store.swift */; };
		FC32EA3F2529FF390033EF80 /* CounterAction.swift in Sources */ = {isa = PBXBuildFile; fileRef = FC32EA3E2529FF390033EF80 /* CounterAction.swift */; };
		FC32EA48252A07250033EF80 /* AppAction.swift in Sources */ = {isa = PBXBuildFile; fileRef = FC32EA47252A07250033EF80 /* AppAction.swift */; };
		FC32EA4B252A07480033EF80 /* PrimeModalAction.swift in Sources */ = {isa = PBXBuildFile; fileRef = FC32EA4A252A07480033EF80 /* PrimeModalAction.swift */; };
		FC32EA4F252A08990033EF80 /* FavoritePrimesAction.swift in Sources */ = {isa = PBXBuildFile; fileRef = FC32EA4E252A08990033EF80 /* FavoritePrimesAction.swift */; };
		FCB011932517A776000F7195 /* CombosableArchitectureApp.swift in Sources */ = {isa = PBXBuildFile; fileRef = FCB011922517A776000F7195 /* CombosableArchitectureApp.swift */; };
		FCB011972517A777000F7195 /* Assets.xcassets in Resources */ = {isa = PBXBuildFile; fileRef = FCB011962517A777000F7195 /* Assets.xcassets */; };
		FCB0119A2517A777000F7195 /* Preview Assets.xcassets in Resources */ = {isa = PBXBuildFile; fileRef = FCB011992517A777000F7195 /* Preview Assets.xcassets */; };
		FCB011AA2517A7DB000F7195 /* CounterView.swift in Sources */ = {isa = PBXBuildFile; fileRef = FCB011A92517A7DB000F7195 /* CounterView.swift */; };
		FCB011B52517AB20000F7195 /* ContentView.swift in Sources */ = {isa = PBXBuildFile; fileRef = FCB011B42517AB20000F7195 /* ContentView.swift */; };
		FCB011B82517ABD3000F7195 /* AppState.swift in Sources */ = {isa = PBXBuildFile; fileRef = FCB011B72517ABD3000F7195 /* AppState.swift */; };
		FCB011BE25185BAE000F7195 /* IsPrimeModalView.swift in Sources */ = {isa = PBXBuildFile; fileRef = FCB011BD25185BAE000F7195 /* IsPrimeModalView.swift */; };
		FCB011C125185DCC000F7195 /* WolframAlphaHelper.swift in Sources */ = {isa = PBXBuildFile; fileRef = FCB011C025185DCC000F7195 /* WolframAlphaHelper.swift */; };
		FCB011C5251860AA000F7195 /* FavoritePrimesView.swift in Sources */ = {isa = PBXBuildFile; fileRef = FCB011C4251860AA000F7195 /* FavoritePrimesView.swift */; };
		FCF40A7C2532E06900727DC4 /* Combine.swift in Sources */ = {isa = PBXBuildFile; fileRef = FCF40A7B2532E06900727DC4 /* Combine.swift */; };
		FCF40A802532E0BE00727DC4 /* Reducers.swift in Sources */ = {isa = PBXBuildFile; fileRef = FCF40A7F2532E0BE00727DC4 /* Reducers.swift */; };
		FCF40A842532E93A00727DC4 /* Pullback.swift in Sources */ = {isa = PBXBuildFile; fileRef = FCF40A832532E93A00727DC4 /* Pullback.swift */; };
		FCF40A872532EF6600727DC4 /* FavoritePrimesState.swift in Sources */ = {isa = PBXBuildFile; fileRef = FCF40A862532EF6600727DC4 /* FavoritePrimesState.swift */; };
/* End PBXBuildFile section */

/* Begin PBXFileReference section */
		FC32EA3A2529F9280033EF80 /* Store.swift */ = {isa = PBXFileReference; lastKnownFileType = sourcecode.swift; path = Store.swift; sourceTree = "<group>"; };
		FC32EA3E2529FF390033EF80 /* CounterAction.swift */ = {isa = PBXFileReference; lastKnownFileType = sourcecode.swift; path = CounterAction.swift; sourceTree = "<group>"; };
		FC32EA47252A07250033EF80 /* AppAction.swift */ = {isa = PBXFileReference; lastKnownFileType = sourcecode.swift; path = AppAction.swift; sourceTree = "<group>"; };
		FC32EA4A252A07480033EF80 /* PrimeModalAction.swift */ = {isa = PBXFileReference; lastKnownFileType = sourcecode.swift; path = PrimeModalAction.swift; sourceTree = "<group>"; };
		FC32EA4E252A08990033EF80 /* FavoritePrimesAction.swift */ = {isa = PBXFileReference; lastKnownFileType = sourcecode.swift; path = FavoritePrimesAction.swift; sourceTree = "<group>"; };
		FCB0118F2517A776000F7195 /* CombosableArchitecture.app */ = {isa = PBXFileReference; explicitFileType = wrapper.application; includeInIndex = 0; path = CombosableArchitecture.app; sourceTree = BUILT_PRODUCTS_DIR; };
		FCB011922517A776000F7195 /* CombosableArchitectureApp.swift */ = {isa = PBXFileReference; lastKnownFileType = sourcecode.swift; path = CombosableArchitectureApp.swift; sourceTree = "<group>"; };
		FCB011962517A777000F7195 /* Assets.xcassets */ = {isa = PBXFileReference; lastKnownFileType = folder.assetcatalog; path = Assets.xcassets; sourceTree = "<group>"; };
		FCB011992517A777000F7195 /* Preview Assets.xcassets */ = {isa = PBXFileReference; lastKnownFileType = folder.assetcatalog; path = "Preview Assets.xcassets"; sourceTree = "<group>"; };
		FCB0119B2517A777000F7195 /* Info.plist */ = {isa = PBXFileReference; lastKnownFileType = text.plist.xml; path = Info.plist; sourceTree = "<group>"; };
		FCB011A92517A7DB000F7195 /* CounterView.swift */ = {isa = PBXFileReference; lastKnownFileType = sourcecode.swift; path = CounterView.swift; sourceTree = "<group>"; };
		FCB011B42517AB20000F7195 /* ContentView.swift */ = {isa = PBXFileReference; lastKnownFileType = sourcecode.swift; path = ContentView.swift; sourceTree = "<group>"; };
		FCB011B72517ABD3000F7195 /* AppState.swift */ = {isa = PBXFileReference; lastKnownFileType = sourcecode.swift; path = AppState.swift; sourceTree = "<group>"; };
		FCB011BD25185BAE000F7195 /* IsPrimeModalView.swift */ = {isa = PBXFileReference; lastKnownFileType = sourcecode.swift; path = IsPrimeModalView.swift; sourceTree = "<group>"; };
		FCB011C025185DCC000F7195 /* WolframAlphaHelper.swift */ = {isa = PBXFileReference; lastKnownFileType = sourcecode.swift; path = WolframAlphaHelper.swift; sourceTree = "<group>"; };
		FCB011C4251860AA000F7195 /* FavoritePrimesView.swift */ = {isa = PBXFileReference; lastKnownFileType = sourcecode.swift; path = FavoritePrimesView.swift; sourceTree = "<group>"; };
		FCF40A7B2532E06900727DC4 /* Combine.swift */ = {isa = PBXFileReference; lastKnownFileType = sourcecode.swift; path = Combine.swift; sourceTree = "<group>"; };
		FCF40A7F2532E0BE00727DC4 /* Reducers.swift */ = {isa = PBXFileReference; lastKnownFileType = sourcecode.swift; path = Reducers.swift; sourceTree = "<group>"; };
		FCF40A832532E93A00727DC4 /* Pullback.swift */ = {isa = PBXFileReference; lastKnownFileType = sourcecode.swift; path = Pullback.swift; sourceTree = "<group>"; };
		FCF40A862532EF6600727DC4 /* FavoritePrimesState.swift */ = {isa = PBXFileReference; lastKnownFileType = sourcecode.swift; path = FavoritePrimesState.swift; sourceTree = "<group>"; };
/* End PBXFileReference section */

/* Begin PBXFrameworksBuildPhase section */
		FCB0118C2517A776000F7195 /* Frameworks */ = {
			isa = PBXFrameworksBuildPhase;
			buildActionMask = 2147483647;
			files = (
			);
			runOnlyForDeploymentPostprocessing = 0;
		};
/* End PBXFrameworksBuildPhase section */

/* Begin PBXGroup section */
		FC32EA3D2529FF2F0033EF80 /* Action */ = {
			isa = PBXGroup;
			children = (
				FC32EA47252A07250033EF80 /* AppAction.swift */,
				FC32EA3E2529FF390033EF80 /* CounterAction.swift */,
				FC32EA4A252A07480033EF80 /* PrimeModalAction.swift */,
				FC32EA4E252A08990033EF80 /* FavoritePrimesAction.swift */,
			);
			path = Action;
			sourceTree = "<group>";
		};
		FC32EA422529FF8E0033EF80 /* View */ = {
			isa = PBXGroup;
			children = (
				FCB011B42517AB20000F7195 /* ContentView.swift */,
				FCB011A92517A7DB000F7195 /* CounterView.swift */,
				FCB011BD25185BAE000F7195 /* IsPrimeModalView.swift */,
				FCB011C4251860AA000F7195 /* FavoritePrimesView.swift */,
			);
			path = View;
			sourceTree = "<group>";
		};
		FC32EA432529FF9A0033EF80 /* Appication */ = {
			isa = PBXGroup;
			children = (
				FCB011922517A776000F7195 /* CombosableArchitectureApp.swift */,
			);
			path = Appication;
			sourceTree = "<group>";
		};
		FC32EA442529FFA50033EF80 /* Helper */ = {
			isa = PBXGroup;
			children = (
				FCB011C025185DCC000F7195 /* WolframAlphaHelper.swift */,
			);
			path = Helper;
			sourceTree = "<group>";
		};
		FCB011862517A776000F7195 = {
			isa = PBXGroup;
			children = (
				FCB011912517A776000F7195 /* CombosableArchitecture */,
				FCB011902517A776000F7195 /* Products */,
			);
			sourceTree = "<group>";
		};
		FCB011902517A776000F7195 /* Products */ = {
			isa = PBXGroup;
			children = (
				FCB0118F2517A776000F7195 /* CombosableArchitecture.app */,
			);
			name = Products;
			sourceTree = "<group>";
		};
		FCB011912517A776000F7195 /* CombosableArchitecture */ = {
			isa = PBXGroup;
			children = (
				FC32EA432529FF9A0033EF80 /* Appication */,
				FCB011B72517ABD3000F7195 /* AppState.swift */,
				FCF40A862532EF6600727DC4 /* FavoritePrimesState.swift */,
				FC32EA3A2529F9280033EF80 /* Store.swift */,
				FCF40A752532E04C00727DC4 /* Reducer */,
				FC32EA3D2529FF2F0033EF80 /* Action */,
				FC32EA422529FF8E0033EF80 /* View */,
				FC32EA442529FFA50033EF80 /* Helper */,
				FCB011962517A777000F7195 /* Assets.xcassets */,
				FCB0119B2517A777000F7195 /* Info.plist */,
				FCB011982517A777000F7195 /* Preview Content */,
			);
			path = CombosableArchitecture;
			sourceTree = "<group>";
		};
		FCB011982517A777000F7195 /* Preview Content */ = {
			isa = PBXGroup;
			children = (
				FCB011992517A777000F7195 /* Preview Assets.xcassets */,
			);
			path = "Preview Content";
			sourceTree = "<group>";
		};
		FCF40A752532E04C00727DC4 /* Reducer */ = {
			isa = PBXGroup;
			children = (
				FCF40A7A2532E05E00727DC4 /* Operator */,
				FCF40A7F2532E0BE00727DC4 /* Reducers.swift */,
			);
			path = Reducer;
			sourceTree = "<group>";
		};
		FCF40A7A2532E05E00727DC4 /* Operator */ = {
			isa = PBXGroup;
			children = (
				FCF40A7B2532E06900727DC4 /* Combine.swift */,
				FCF40A832532E93A00727DC4 /* Pullback.swift */,
			);
			path = Operator;
			sourceTree = "<group>";
		};
/* End PBXGroup section */

/* Begin PBXNativeTarget section */
		FCB0118E2517A776000F7195 /* CombosableArchitecture */ = {
			isa = PBXNativeTarget;
			buildConfigurationList = FCB0119E2517A777000F7195 /* Build configuration list for PBXNativeTarget "CombosableArchitecture" */;
			buildPhases = (
				FCB0118B2517A776000F7195 /* Sources */,
				FCB0118C2517A776000F7195 /* Frameworks */,
				FCB0118D2517A776000F7195 /* Resources */,
			);
			buildRules = (
			);
			dependencies = (
			);
			name = CombosableArchitecture;
			productName = CombosableArchitecture;
			productReference = FCB0118F2517A776000F7195 /* CombosableArchitecture.app */;
			productType = "com.apple.product-type.application";
		};
/* End PBXNativeTarget section */

/* Begin PBXProject section */
		FCB011872517A776000F7195 /* Project object */ = {
			isa = PBXProject;
			attributes = {
				LastSwiftUpdateCheck = 1200;
				LastUpgradeCheck = 1200;
				TargetAttributes = {
					FCB0118E2517A776000F7195 = {
						CreatedOnToolsVersion = 12.0;
					};
				};
			};
			buildConfigurationList = FCB0118A2517A776000F7195 /* Build configuration list for PBXProject "CombosableArchitecture" */;
			compatibilityVersion = "Xcode 9.3";
			developmentRegion = en;
			hasScannedForEncodings = 0;
			knownRegions = (
				en,
				Base,
			);
			mainGroup = FCB011862517A776000F7195;
			productRefGroup = FCB011902517A776000F7195 /* Products */;
			projectDirPath = "";
			projectRoot = "";
			targets = (
				FCB0118E2517A776000F7195 /* CombosableArchitecture */,
			);
		};
/* End PBXProject section */

/* Begin PBXResourcesBuildPhase section */
		FCB0118D2517A776000F7195 /* Resources */ = {
			isa = PBXResourcesBuildPhase;
			buildActionMask = 2147483647;
			files = (
				FCB0119A2517A777000F7195 /* Preview Assets.xcassets in Resources */,
				FCB011972517A777000F7195 /* Assets.xcassets in Resources */,
			);
			runOnlyForDeploymentPostprocessing = 0;
		};
/* End PBXResourcesBuildPhase section */

/* Begin PBXSourcesBuildPhase section */
		FCB0118B2517A776000F7195 /* Sources */ = {
			isa = PBXSourcesBuildPhase;
			buildActionMask = 2147483647;
			files = (
				FCB011B52517AB20000F7195 /* ContentView.swift in Sources */,
				FCB011B82517ABD3000F7195 /* AppState.swift in Sources */,
				FCF40A842532E93A00727DC4 /* Pullback.swift in Sources */,
				FCF40A802532E0BE00727DC4 /* Reducers.swift in Sources */,
				FCB011932517A776000F7195 /* CombosableArchitectureApp.swift in Sources */,
				FCF40A872532EF6600727DC4 /* FavoritePrimesState.swift in Sources */,
				FC32EA4F252A08990033EF80 /* FavoritePrimesAction.swift in Sources */,
				FC32EA3F2529FF390033EF80 /* CounterAction.swift in Sources */,
				FC32EA4B252A07480033EF80 /* PrimeModalAction.swift in Sources */,
				FC32EA3B2529F9280033EF80 /* Store.swift in Sources */,
				FCB011AA2517A7DB000F7195 /* CounterView.swift in Sources */,
				FCF40A7C2532E06900727DC4 /* Combine.swift in Sources */,
				FCB011BE25185BAE000F7195 /* IsPrimeModalView.swift in Sources */,
				FC32EA48252A07250033EF80 /* AppAction.swift in Sources */,
				FCB011C5251860AA000F7195 /* FavoritePrimesView.swift in Sources */,
				FCB011C125185DCC000F7195 /* WolframAlphaHelper.swift in Sources */,
			);
			runOnlyForDeploymentPostprocessing = 0;
		};
/* End PBXSourcesBuildPhase section */

/* Begin XCBuildConfiguration section */
		FCB0119C2517A777000F7195 /* Debug */ = {
			isa = XCBuildConfiguration;
			buildSettings = {
				ALWAYS_SEARCH_USER_PATHS = NO;
				CLANG_ANALYZER_NONNULL = YES;
				CLANG_ANALYZER_NUMBER_OBJECT_CONVERSION = YES_AGGRESSIVE;
				CLANG_CXX_LANGUAGE_STANDARD = "gnu++14";
				CLANG_CXX_LIBRARY = "libc++";
				CLANG_ENABLE_MODULES = YES;
				CLANG_ENABLE_OBJC_ARC = YES;
				CLANG_ENABLE_OBJC_WEAK = YES;
				CLANG_WARN_BLOCK_CAPTURE_AUTORELEASING = YES;
				CLANG_WARN_BOOL_CONVERSION = YES;
				CLANG_WARN_COMMA = YES;
				CLANG_WARN_CONSTANT_CONVERSION = YES;
				CLANG_WARN_DEPRECATED_OBJC_IMPLEMENTATIONS = YES;
				CLANG_WARN_DIRECT_OBJC_ISA_USAGE = YES_ERROR;
				CLANG_WARN_DOCUMENTATION_COMMENTS = YES;
				CLANG_WARN_EMPTY_BODY = YES;
				CLANG_WARN_ENUM_CONVERSION = YES;
				CLANG_WARN_INFINITE_RECURSION = YES;
				CLANG_WARN_INT_CONVERSION = YES;
				CLANG_WARN_NON_LITERAL_NULL_CONVERSION = YES;
				CLANG_WARN_OBJC_IMPLICIT_RETAIN_SELF = YES;
				CLANG_WARN_OBJC_LITERAL_CONVERSION = YES;
				CLANG_WARN_OBJC_ROOT_CLASS = YES_ERROR;
				CLANG_WARN_QUOTED_INCLUDE_IN_FRAMEWORK_HEADER = YES;
				CLANG_WARN_RANGE_LOOP_ANALYSIS = YES;
				CLANG_WARN_STRICT_PROTOTYPES = YES;
				CLANG_WARN_SUSPICIOUS_MOVE = YES;
				CLANG_WARN_UNGUARDED_AVAILABILITY = YES_AGGRESSIVE;
				CLANG_WARN_UNREACHABLE_CODE = YES;
				CLANG_WARN__DUPLICATE_METHOD_MATCH = YES;
				COPY_PHASE_STRIP = NO;
				DEBUG_INFORMATION_FORMAT = dwarf;
				ENABLE_STRICT_OBJC_MSGSEND = YES;
				ENABLE_TESTABILITY = YES;
				GCC_C_LANGUAGE_STANDARD = gnu11;
				GCC_DYNAMIC_NO_PIC = NO;
				GCC_NO_COMMON_BLOCKS = YES;
				GCC_OPTIMIZATION_LEVEL = 0;
				GCC_PREPROCESSOR_DEFINITIONS = (
					"DEBUG=1",
					"$(inherited)",
				);
				GCC_WARN_64_TO_32_BIT_CONVERSION = YES;
				GCC_WARN_ABOUT_RETURN_TYPE = YES_ERROR;
				GCC_WARN_UNDECLARED_SELECTOR = YES;
				GCC_WARN_UNINITIALIZED_AUTOS = YES_AGGRESSIVE;
				GCC_WARN_UNUSED_FUNCTION = YES;
				GCC_WARN_UNUSED_VARIABLE = YES;
				IPHONEOS_DEPLOYMENT_TARGET = 14.0;
				MTL_ENABLE_DEBUG_INFO = INCLUDE_SOURCE;
				MTL_FAST_MATH = YES;
				ONLY_ACTIVE_ARCH = YES;
				SDKROOT = iphoneos;
				SWIFT_ACTIVE_COMPILATION_CONDITIONS = DEBUG;
				SWIFT_OPTIMIZATION_LEVEL = "-Onone";
			};
			name = Debug;
		};
		FCB0119D2517A777000F7195 /* Release */ = {
			isa = XCBuildConfiguration;
			buildSettings = {
				ALWAYS_SEARCH_USER_PATHS = NO;
				CLANG_ANALYZER_NONNULL = YES;
				CLANG_ANALYZER_NUMBER_OBJECT_CONVERSION = YES_AGGRESSIVE;
				CLANG_CXX_LANGUAGE_STANDARD = "gnu++14";
				CLANG_CXX_LIBRARY = "libc++";
				CLANG_ENABLE_MODULES = YES;
				CLANG_ENABLE_OBJC_ARC = YES;
				CLANG_ENABLE_OBJC_WEAK = YES;
				CLANG_WARN_BLOCK_CAPTURE_AUTORELEASING = YES;
				CLANG_WARN_BOOL_CONVERSION = YES;
				CLANG_WARN_COMMA = YES;
				CLANG_WARN_CONSTANT_CONVERSION = YES;
				CLANG_WARN_DEPRECATED_OBJC_IMPLEMENTATIONS = YES;
				CLANG_WARN_DIRECT_OBJC_ISA_USAGE = YES_ERROR;
				CLANG_WARN_DOCUMENTATION_COMMENTS = YES;
				CLANG_WARN_EMPTY_BODY = YES;
				CLANG_WARN_ENUM_CONVERSION = YES;
				CLANG_WARN_INFINITE_RECURSION = YES;
				CLANG_WARN_INT_CONVERSION = YES;
				CLANG_WARN_NON_LITERAL_NULL_CONVERSION = YES;
				CLANG_WARN_OBJC_IMPLICIT_RETAIN_SELF = YES;
				CLANG_WARN_OBJC_LITERAL_CONVERSION = YES;
				CLANG_WARN_OBJC_ROOT_CLASS = YES_ERROR;
				CLANG_WARN_QUOTED_INCLUDE_IN_FRAMEWORK_HEADER = YES;
				CLANG_WARN_RANGE_LOOP_ANALYSIS = YES;
				CLANG_WARN_STRICT_PROTOTYPES = YES;
				CLANG_WARN_SUSPICIOUS_MOVE = YES;
				CLANG_WARN_UNGUARDED_AVAILABILITY = YES_AGGRESSIVE;
				CLANG_WARN_UNREACHABLE_CODE = YES;
				CLANG_WARN__DUPLICATE_METHOD_MATCH = YES;
				COPY_PHASE_STRIP = NO;
				DEBUG_INFORMATION_FORMAT = "dwarf-with-dsym";
				ENABLE_NS_ASSERTIONS = NO;
				ENABLE_STRICT_OBJC_MSGSEND = YES;
				GCC_C_LANGUAGE_STANDARD = gnu11;
				GCC_NO_COMMON_BLOCKS = YES;
				GCC_WARN_64_TO_32_BIT_CONVERSION = YES;
				GCC_WARN_ABOUT_RETURN_TYPE = YES_ERROR;
				GCC_WARN_UNDECLARED_SELECTOR = YES;
				GCC_WARN_UNINITIALIZED_AUTOS = YES_AGGRESSIVE;
				GCC_WARN_UNUSED_FUNCTION = YES;
				GCC_WARN_UNUSED_VARIABLE = YES;
				IPHONEOS_DEPLOYMENT_TARGET = 14.0;
				MTL_ENABLE_DEBUG_INFO = NO;
				MTL_FAST_MATH = YES;
				SDKROOT = iphoneos;
				SWIFT_COMPILATION_MODE = wholemodule;
				SWIFT_OPTIMIZATION_LEVEL = "-O";
				VALIDATE_PRODUCT = YES;
			};
			name = Release;
		};
		FCB0119F2517A777000F7195 /* Debug */ = {
			isa = XCBuildConfiguration;
			buildSettings = {
				ASSETCATALOG_COMPILER_APPICON_NAME = AppIcon;
				ASSETCATALOG_COMPILER_GLOBAL_ACCENT_COLOR_NAME = AccentColor;
				CODE_SIGN_STYLE = Automatic;
				DEVELOPMENT_ASSET_PATHS = "\"CombosableArchitecture/Preview Content\"";
				DEVELOPMENT_TEAM = EPWV8KDDJE;
				ENABLE_PREVIEWS = YES;
				INFOPLIST_FILE = CombosableArchitecture/Info.plist;
				IPHONEOS_DEPLOYMENT_TARGET = 14.0;
				LD_RUNPATH_SEARCH_PATHS = (
					"$(inherited)",
					"@executable_path/Frameworks",
				);
				PRODUCT_BUNDLE_IDENTIFIER = com.gwangyonglee.CombosableArchitecture;
				PRODUCT_NAME = "$(TARGET_NAME)";
				SWIFT_VERSION = 5.0;
				TARGETED_DEVICE_FAMILY = "1,2";
			};
			name = Debug;
		};
		FCB011A02517A777000F7195 /* Release */ = {
			isa = XCBuildConfiguration;
			buildSettings = {
				ASSETCATALOG_COMPILER_APPICON_NAME = AppIcon;
				ASSETCATALOG_COMPILER_GLOBAL_ACCENT_COLOR_NAME = AccentColor;
				CODE_SIGN_STYLE = Automatic;
				DEVELOPMENT_ASSET_PATHS = "\"CombosableArchitecture/Preview Content\"";
				DEVELOPMENT_TEAM = EPWV8KDDJE;
				ENABLE_PREVIEWS = YES;
				INFOPLIST_FILE = CombosableArchitecture/Info.plist;
				IPHONEOS_DEPLOYMENT_TARGET = 14.0;
				LD_RUNPATH_SEARCH_PATHS = (
					"$(inherited)",
					"@executable_path/Frameworks",
				);
				PRODUCT_BUNDLE_IDENTIFIER = com.gwangyonglee.CombosableArchitecture;
				PRODUCT_NAME = "$(TARGET_NAME)";
				SWIFT_VERSION = 5.0;
				TARGETED_DEVICE_FAMILY = "1,2";
			};
			name = Release;
		};
/* End XCBuildConfiguration section */

/* Begin XCConfigurationList section */
		FCB0118A2517A776000F7195 /* Build configuration list for PBXProject "CombosableArchitecture" */ = {
			isa = XCConfigurationList;
			buildConfigurations = (
				FCB0119C2517A777000F7195 /* Debug */,
				FCB0119D2517A777000F7195 /* Release */,
			);
			defaultConfigurationIsVisible = 0;
			defaultConfigurationName = Release;
		};
		FCB0119E2517A777000F7195 /* Build configuration list for PBXNativeTarget "CombosableArchitecture" */ = {
			isa = XCConfigurationList;
			buildConfigurations = (
				FCB0119F2517A777000F7195 /* Debug */,
				FCB011A02517A777000F7195 /* Release */,
			);
			defaultConfigurationIsVisible = 0;
			defaultConfigurationName = Release;
		};
/* End XCConfigurationList section */
	};
	rootObject = FCB011872517A776000F7195 /* Project object */;
}
