// !$*UTF8*$!
{
	archiveVersion = 1;
	classes = {
	};
	objectVersion = 50;
	objects = {

/* Begin PBXBuildFile section */
		FC0EEBC525B48AAF004B0EB4 /* Effect+Ext.swift in Sources */ = {isa = PBXBuildFile; fileRef = FC0EEBC425B48AAF004B0EB4 /* Effect+Ext.swift */; };
		FC0EEBE025B48C1A004B0EB4 /* Shared.h in Headers */ = {isa = PBXBuildFile; fileRef = FC0EEBDE25B48C1A004B0EB4 /* Shared.h */; settings = {ATTRIBUTES = (Public, ); }; };
		FC0EEBE325B48C1A004B0EB4 /* Shared.framework in Frameworks */ = {isa = PBXBuildFile; fileRef = FC0EEBDC25B48C1A004B0EB4 /* Shared.framework */; };
		FC0EEBE425B48C1A004B0EB4 /* Shared.framework in Embed Frameworks */ = {isa = PBXBuildFile; fileRef = FC0EEBDC25B48C1A004B0EB4 /* Shared.framework */; settings = {ATTRIBUTES = (CodeSignOnCopy, RemoveHeadersOnCopy, ); }; };
		FC0EEBF225B48C33004B0EB4 /* Shared.framework in Frameworks */ = {isa = PBXBuildFile; fileRef = FC0EEBDC25B48C1A004B0EB4 /* Shared.framework */; };
		FC0EEBF325B48C33004B0EB4 /* Shared.framework in Embed Frameworks */ = {isa = PBXBuildFile; fileRef = FC0EEBDC25B48C1A004B0EB4 /* Shared.framework */; settings = {ATTRIBUTES = (CodeSignOnCopy, RemoveHeadersOnCopy, ); }; };
		FC0EEC0F25B48C4F004B0EB4 /* Core.framework in Frameworks */ = {isa = PBXBuildFile; fileRef = FCD0EED0255007F8005FB3A4 /* Core.framework */; };
		FC0EEC1025B48C4F004B0EB4 /* Core.framework in Embed Frameworks */ = {isa = PBXBuildFile; fileRef = FCD0EED0255007F8005FB3A4 /* Core.framework */; settings = {ATTRIBUTES = (CodeSignOnCopy, RemoveHeadersOnCopy, ); }; };
		FC0EEC1925B48C59004B0EB4 /* URLSession + Effect.swift in Sources */ = {isa = PBXBuildFile; fileRef = FCCAA8FD258E3A4600F187AB /* URLSession + Effect.swift */; };
		FC0EEC2625B4905B004B0EB4 /* Core.framework in Frameworks */ = {isa = PBXBuildFile; fileRef = FCD0EED0255007F8005FB3A4 /* Core.framework */; };
		FC0EEC2725B4905B004B0EB4 /* Core.framework in Embed Frameworks */ = {isa = PBXBuildFile; fileRef = FCD0EED0255007F8005FB3A4 /* Core.framework */; settings = {ATTRIBUTES = (CodeSignOnCopy, RemoveHeadersOnCopy, ); }; };
		FC0EEC3125B49060004B0EB4 /* Core.framework in Frameworks */ = {isa = PBXBuildFile; fileRef = FCD0EED0255007F8005FB3A4 /* Core.framework */; };
		FC0EEC3225B49060004B0EB4 /* Core.framework in Embed Frameworks */ = {isa = PBXBuildFile; fileRef = FCD0EED0255007F8005FB3A4 /* Core.framework */; settings = {ATTRIBUTES = (CodeSignOnCopy, RemoveHeadersOnCopy, ); }; };
		FC0EEC3625B49064004B0EB4 /* Core.framework in Frameworks */ = {isa = PBXBuildFile; fileRef = FCD0EED0255007F8005FB3A4 /* Core.framework */; };
		FC0EEC3725B49064004B0EB4 /* Core.framework in Embed Frameworks */ = {isa = PBXBuildFile; fileRef = FCD0EED0255007F8005FB3A4 /* Core.framework */; settings = {ATTRIBUTES = (CodeSignOnCopy, RemoveHeadersOnCopy, ); }; };
		FC32EA48252A07250033EF80 /* AppAction.swift in Sources */ = {isa = PBXBuildFile; fileRef = FC32EA47252A07250033EF80 /* AppAction.swift */; };
		FC61700C2562766100BC8B5D /* FavoritePrimesView.swift in Sources */ = {isa = PBXBuildFile; fileRef = FCB011C4251860AA000F7195 /* FavoritePrimesView.swift */; };
		FC617026256278B200BC8B5D /* IsPrimeModalView.swift in Sources */ = {isa = PBXBuildFile; fileRef = FCB011BD25185BAE000F7195 /* IsPrimeModalView.swift */; };
		FC61703725627CB600BC8B5D /* CounterView.swift in Sources */ = {isa = PBXBuildFile; fileRef = FCB011A92517A7DB000F7195 /* CounterView.swift */; };
		FC61705225627D2800BC8B5D /* WolframAlphaHelper.swift in Sources */ = {isa = PBXBuildFile; fileRef = FCB011C025185DCC000F7195 /* WolframAlphaHelper.swift */; };
		FCB011932517A776000F7195 /* CombosableArchitectureApp.swift in Sources */ = {isa = PBXBuildFile; fileRef = FCB011922517A776000F7195 /* CombosableArchitectureApp.swift */; };
		FCB011972517A777000F7195 /* Assets.xcassets in Resources */ = {isa = PBXBuildFile; fileRef = FCB011962517A777000F7195 /* Assets.xcassets */; };
		FCB0119A2517A777000F7195 /* Preview Assets.xcassets in Resources */ = {isa = PBXBuildFile; fileRef = FCB011992517A777000F7195 /* Preview Assets.xcassets */; };
		FCB011B52517AB20000F7195 /* ContentView.swift in Sources */ = {isa = PBXBuildFile; fileRef = FCB011B42517AB20000F7195 /* ContentView.swift */; };
		FCB011B82517ABD3000F7195 /* AppState.swift in Sources */ = {isa = PBXBuildFile; fileRef = FCB011B72517ABD3000F7195 /* AppState.swift */; };
		FCC1EE9C25ABD7130077FFFF /* Publisheres+Effect.swift in Sources */ = {isa = PBXBuildFile; fileRef = FCC1EE9B25ABD7130077FFFF /* Publisheres+Effect.swift */; };
		FCCAA8D8258E39B500F187AB /* Effect.swift in Sources */ = {isa = PBXBuildFile; fileRef = FCCAA8D7258E39B500F187AB /* Effect.swift */; };
		FCCAA8E2258E39C300F187AB /* Store.swift in Sources */ = {isa = PBXBuildFile; fileRef = FCCAA8E1258E39C300F187AB /* Store.swift */; };
		FCCAA8EC258E39F800F187AB /* Reducer.swift in Sources */ = {isa = PBXBuildFile; fileRef = FCCAA8EB258E39F800F187AB /* Reducer.swift */; };
		FCD0EE66255007E0005FB3A4 /* Counter.framework in Frameworks */ = {isa = PBXBuildFile; fileRef = FCD0EE5D255007E0005FB3A4 /* Counter.framework */; };
		FCD0EE6D255007E0005FB3A4 /* CounterTests.swift in Sources */ = {isa = PBXBuildFile; fileRef = FCD0EE6C255007E0005FB3A4 /* CounterTests.swift */; };
		FCD0EE6F255007E0005FB3A4 /* Counter.h in Headers */ = {isa = PBXBuildFile; fileRef = FCD0EE5F255007E0005FB3A4 /* Counter.h */; settings = {ATTRIBUTES = (Public, ); }; };
		FCD0EE72255007E0005FB3A4 /* Counter.framework in Frameworks */ = {isa = PBXBuildFile; fileRef = FCD0EE5D255007E0005FB3A4 /* Counter.framework */; };
		FCD0EE73255007E0005FB3A4 /* Counter.framework in Embed Frameworks */ = {isa = PBXBuildFile; fileRef = FCD0EE5D255007E0005FB3A4 /* Counter.framework */; settings = {ATTRIBUTES = (CodeSignOnCopy, RemoveHeadersOnCopy, ); }; };
		FCD0EE8B255007E6005FB3A4 /* PrimeModal.framework in Frameworks */ = {isa = PBXBuildFile; fileRef = FCD0EE82255007E6005FB3A4 /* PrimeModal.framework */; };
		FCD0EE92255007E6005FB3A4 /* PrimeModalTests.swift in Sources */ = {isa = PBXBuildFile; fileRef = FCD0EE91255007E6005FB3A4 /* PrimeModalTests.swift */; };
		FCD0EE94255007E6005FB3A4 /* PrimeModal.h in Headers */ = {isa = PBXBuildFile; fileRef = FCD0EE84255007E6005FB3A4 /* PrimeModal.h */; settings = {ATTRIBUTES = (Public, ); }; };
		FCD0EE97255007E6005FB3A4 /* PrimeModal.framework in Frameworks */ = {isa = PBXBuildFile; fileRef = FCD0EE82255007E6005FB3A4 /* PrimeModal.framework */; };
		FCD0EE98255007E6005FB3A4 /* PrimeModal.framework in Embed Frameworks */ = {isa = PBXBuildFile; fileRef = FCD0EE82255007E6005FB3A4 /* PrimeModal.framework */; settings = {ATTRIBUTES = (CodeSignOnCopy, RemoveHeadersOnCopy, ); }; };
		FCD0EEB1255007EC005FB3A4 /* FavoritePrimes.framework in Frameworks */ = {isa = PBXBuildFile; fileRef = FCD0EEA8255007EB005FB3A4 /* FavoritePrimes.framework */; };
		FCD0EEB8255007EC005FB3A4 /* FavoritePrimesTests.swift in Sources */ = {isa = PBXBuildFile; fileRef = FCD0EEB7255007EC005FB3A4 /* FavoritePrimesTests.swift */; };
		FCD0EEBA255007EC005FB3A4 /* FavoritePrimes.h in Headers */ = {isa = PBXBuildFile; fileRef = FCD0EEAA255007EB005FB3A4 /* FavoritePrimes.h */; settings = {ATTRIBUTES = (Public, ); }; };
		FCD0EEBD255007EC005FB3A4 /* FavoritePrimes.framework in Frameworks */ = {isa = PBXBuildFile; fileRef = FCD0EEA8255007EB005FB3A4 /* FavoritePrimes.framework */; };
		FCD0EEBE255007EC005FB3A4 /* FavoritePrimes.framework in Embed Frameworks */ = {isa = PBXBuildFile; fileRef = FCD0EEA8255007EB005FB3A4 /* FavoritePrimes.framework */; settings = {ATTRIBUTES = (CodeSignOnCopy, RemoveHeadersOnCopy, ); }; };
		FCD0EED9255007F8005FB3A4 /* Core.framework in Frameworks */ = {isa = PBXBuildFile; fileRef = FCD0EED0255007F8005FB3A4 /* Core.framework */; };
		FCD0EEE0255007F8005FB3A4 /* CoreTests.swift in Sources */ = {isa = PBXBuildFile; fileRef = FCD0EEDF255007F8005FB3A4 /* CoreTests.swift */; };
		FCD0EEE2255007F8005FB3A4 /* Core.h in Headers */ = {isa = PBXBuildFile; fileRef = FCD0EED2255007F8005FB3A4 /* Core.h */; settings = {ATTRIBUTES = (Public, ); }; };
		FCD0EEE5255007F8005FB3A4 /* Core.framework in Frameworks */ = {isa = PBXBuildFile; fileRef = FCD0EED0255007F8005FB3A4 /* Core.framework */; };
		FCD0EEE6255007F8005FB3A4 /* Core.framework in Embed Frameworks */ = {isa = PBXBuildFile; fileRef = FCD0EED0255007F8005FB3A4 /* Core.framework */; settings = {ATTRIBUTES = (CodeSignOnCopy, RemoveHeadersOnCopy, ); }; };
		FCF40A802532E0BE00727DC4 /* Reducers.swift in Sources */ = {isa = PBXBuildFile; fileRef = FCF40A7F2532E0BE00727DC4 /* Reducers.swift */; };
		FCFFDA182558223C0094B4FB /* Counter.swift in Sources */ = {isa = PBXBuildFile; fileRef = FCFFDA172558223C0094B4FB /* Counter.swift */; };
		FCFFDA22255822430094B4FB /* PrimeModal.swift in Sources */ = {isa = PBXBuildFile; fileRef = FCFFDA21255822430094B4FB /* PrimeModal.swift */; };
		FCFFDA2C255822490094B4FB /* FavoritePrimes.swift in Sources */ = {isa = PBXBuildFile; fileRef = FCFFDA2B255822490094B4FB /* FavoritePrimes.swift */; };
/* End PBXBuildFile section */

/* Begin PBXContainerItemProxy section */
		FC0EEBE125B48C1A004B0EB4 /* PBXContainerItemProxy */ = {
			isa = PBXContainerItemProxy;
			containerPortal = FCB011872517A776000F7195 /* Project object */;
			proxyType = 1;
			remoteGlobalIDString = FC0EEBDB25B48C1A004B0EB4;
			remoteInfo = Shared;
		};
		FC0EEBF425B48C33004B0EB4 /* PBXContainerItemProxy */ = {
			isa = PBXContainerItemProxy;
			containerPortal = FCB011872517A776000F7195 /* Project object */;
			proxyType = 1;
			remoteGlobalIDString = FC0EEBDB25B48C1A004B0EB4;
			remoteInfo = Shared;
		};
		FC0EEC1125B48C4F004B0EB4 /* PBXContainerItemProxy */ = {
			isa = PBXContainerItemProxy;
			containerPortal = FCB011872517A776000F7195 /* Project object */;
			proxyType = 1;
			remoteGlobalIDString = FCD0EECF255007F8005FB3A4;
			remoteInfo = Core;
		};
		FC0EEC2825B4905B004B0EB4 /* PBXContainerItemProxy */ = {
			isa = PBXContainerItemProxy;
			containerPortal = FCB011872517A776000F7195 /* Project object */;
			proxyType = 1;
			remoteGlobalIDString = FCD0EECF255007F8005FB3A4;
			remoteInfo = Core;
		};
		FC0EEC3325B49060004B0EB4 /* PBXContainerItemProxy */ = {
			isa = PBXContainerItemProxy;
			containerPortal = FCB011872517A776000F7195 /* Project object */;
			proxyType = 1;
			remoteGlobalIDString = FCD0EECF255007F8005FB3A4;
			remoteInfo = Core;
		};
		FC0EEC3825B49064004B0EB4 /* PBXContainerItemProxy */ = {
			isa = PBXContainerItemProxy;
			containerPortal = FCB011872517A776000F7195 /* Project object */;
			proxyType = 1;
			remoteGlobalIDString = FCD0EECF255007F8005FB3A4;
			remoteInfo = Core;
		};
		FC61704025627CE900BC8B5D /* PBXContainerItemProxy */ = {
			isa = PBXContainerItemProxy;
			containerPortal = FCB011872517A776000F7195 /* Project object */;
			proxyType = 1;
			remoteGlobalIDString = FCD0EE81255007E6005FB3A4;
			remoteInfo = PrimeModal;
		};
		FCD0EE67255007E0005FB3A4 /* PBXContainerItemProxy */ = {
			isa = PBXContainerItemProxy;
			containerPortal = FCB011872517A776000F7195 /* Project object */;
			proxyType = 1;
			remoteGlobalIDString = FCD0EE5C255007E0005FB3A4;
			remoteInfo = Counter;
		};
		FCD0EE69255007E0005FB3A4 /* PBXContainerItemProxy */ = {
			isa = PBXContainerItemProxy;
			containerPortal = FCB011872517A776000F7195 /* Project object */;
			proxyType = 1;
			remoteGlobalIDString = FCB0118E2517A776000F7195;
			remoteInfo = CombosableArchitecture;
		};
		FCD0EE70255007E0005FB3A4 /* PBXContainerItemProxy */ = {
			isa = PBXContainerItemProxy;
			containerPortal = FCB011872517A776000F7195 /* Project object */;
			proxyType = 1;
			remoteGlobalIDString = FCD0EE5C255007E0005FB3A4;
			remoteInfo = Counter;
		};
		FCD0EE8C255007E6005FB3A4 /* PBXContainerItemProxy */ = {
			isa = PBXContainerItemProxy;
			containerPortal = FCB011872517A776000F7195 /* Project object */;
			proxyType = 1;
			remoteGlobalIDString = FCD0EE81255007E6005FB3A4;
			remoteInfo = PrimeModal;
		};
		FCD0EE8E255007E6005FB3A4 /* PBXContainerItemProxy */ = {
			isa = PBXContainerItemProxy;
			containerPortal = FCB011872517A776000F7195 /* Project object */;
			proxyType = 1;
			remoteGlobalIDString = FCB0118E2517A776000F7195;
			remoteInfo = CombosableArchitecture;
		};
		FCD0EE95255007E6005FB3A4 /* PBXContainerItemProxy */ = {
			isa = PBXContainerItemProxy;
			containerPortal = FCB011872517A776000F7195 /* Project object */;
			proxyType = 1;
			remoteGlobalIDString = FCD0EE81255007E6005FB3A4;
			remoteInfo = PrimeModal;
		};
		FCD0EEB2255007EC005FB3A4 /* PBXContainerItemProxy */ = {
			isa = PBXContainerItemProxy;
			containerPortal = FCB011872517A776000F7195 /* Project object */;
			proxyType = 1;
			remoteGlobalIDString = FCD0EEA7255007EB005FB3A4;
			remoteInfo = FavoritePrimes;
		};
		FCD0EEB4255007EC005FB3A4 /* PBXContainerItemProxy */ = {
			isa = PBXContainerItemProxy;
			containerPortal = FCB011872517A776000F7195 /* Project object */;
			proxyType = 1;
			remoteGlobalIDString = FCB0118E2517A776000F7195;
			remoteInfo = CombosableArchitecture;
		};
		FCD0EEBB255007EC005FB3A4 /* PBXContainerItemProxy */ = {
			isa = PBXContainerItemProxy;
			containerPortal = FCB011872517A776000F7195 /* Project object */;
			proxyType = 1;
			remoteGlobalIDString = FCD0EEA7255007EB005FB3A4;
			remoteInfo = FavoritePrimes;
		};
		FCD0EEDA255007F8005FB3A4 /* PBXContainerItemProxy */ = {
			isa = PBXContainerItemProxy;
			containerPortal = FCB011872517A776000F7195 /* Project object */;
			proxyType = 1;
			remoteGlobalIDString = FCD0EECF255007F8005FB3A4;
			remoteInfo = Core;
		};
		FCD0EEDC255007F8005FB3A4 /* PBXContainerItemProxy */ = {
			isa = PBXContainerItemProxy;
			containerPortal = FCB011872517A776000F7195 /* Project object */;
			proxyType = 1;
			remoteGlobalIDString = FCB0118E2517A776000F7195;
			remoteInfo = CombosableArchitecture;
		};
		FCD0EEE3255007F8005FB3A4 /* PBXContainerItemProxy */ = {
			isa = PBXContainerItemProxy;
			containerPortal = FCB011872517A776000F7195 /* Project object */;
			proxyType = 1;
			remoteGlobalIDString = FCD0EECF255007F8005FB3A4;
			remoteInfo = Core;
		};
		FCEC34502586272E00FF0208 /* PBXContainerItemProxy */ = {
			isa = PBXContainerItemProxy;
			containerPortal = FCB011872517A776000F7195 /* Project object */;
			proxyType = 1;
			remoteGlobalIDString = FCD0EECF255007F8005FB3A4;
			remoteInfo = Core;
		};
		FCEC34522586273700FF0208 /* PBXContainerItemProxy */ = {
			isa = PBXContainerItemProxy;
			containerPortal = FCB011872517A776000F7195 /* Project object */;
			proxyType = 1;
			remoteGlobalIDString = FCD0EECF255007F8005FB3A4;
			remoteInfo = Core;
		};
		FCFDEFEF257D15F200599DAB /* PBXContainerItemProxy */ = {
			isa = PBXContainerItemProxy;
			containerPortal = FCB011872517A776000F7195 /* Project object */;
			proxyType = 1;
			remoteGlobalIDString = FCD0EECF255007F8005FB3A4;
			remoteInfo = Core;
		};
/* End PBXContainerItemProxy section */

/* Begin PBXCopyFilesBuildPhase section */
		FC0EEBF625B48C34004B0EB4 /* Embed Frameworks */ = {
			isa = PBXCopyFilesBuildPhase;
			buildActionMask = 2147483647;
			dstPath = "";
			dstSubfolderSpec = 10;
			files = (
				FC0EEBF325B48C33004B0EB4 /* Shared.framework in Embed Frameworks */,
				FC0EEC2725B4905B004B0EB4 /* Core.framework in Embed Frameworks */,
			);
			name = "Embed Frameworks";
			runOnlyForDeploymentPostprocessing = 0;
		};
		FC0EEC1325B48C4F004B0EB4 /* Embed Frameworks */ = {
			isa = PBXCopyFilesBuildPhase;
			buildActionMask = 2147483647;
			dstPath = "";
			dstSubfolderSpec = 10;
			files = (
				FC0EEC1025B48C4F004B0EB4 /* Core.framework in Embed Frameworks */,
			);
			name = "Embed Frameworks";
			runOnlyForDeploymentPostprocessing = 0;
		};
		FC0EEC3525B49060004B0EB4 /* Embed Frameworks */ = {
			isa = PBXCopyFilesBuildPhase;
			buildActionMask = 2147483647;
			dstPath = "";
			dstSubfolderSpec = 10;
			files = (
				FC0EEC3225B49060004B0EB4 /* Core.framework in Embed Frameworks */,
			);
			name = "Embed Frameworks";
			runOnlyForDeploymentPostprocessing = 0;
		};
		FC0EEC3A25B49064004B0EB4 /* Embed Frameworks */ = {
			isa = PBXCopyFilesBuildPhase;
			buildActionMask = 2147483647;
			dstPath = "";
			dstSubfolderSpec = 10;
			files = (
				FC0EEC3725B49064004B0EB4 /* Core.framework in Embed Frameworks */,
			);
			name = "Embed Frameworks";
			runOnlyForDeploymentPostprocessing = 0;
		};
		FCD0EE74255007E0005FB3A4 /* Embed Frameworks */ = {
			isa = PBXCopyFilesBuildPhase;
			buildActionMask = 2147483647;
			dstPath = "";
			dstSubfolderSpec = 10;
			files = (
				FC0EEBE425B48C1A004B0EB4 /* Shared.framework in Embed Frameworks */,
				FCD0EE98255007E6005FB3A4 /* PrimeModal.framework in Embed Frameworks */,
				FCD0EE73255007E0005FB3A4 /* Counter.framework in Embed Frameworks */,
				FCD0EEBE255007EC005FB3A4 /* FavoritePrimes.framework in Embed Frameworks */,
				FCD0EEE6255007F8005FB3A4 /* Core.framework in Embed Frameworks */,
			);
			name = "Embed Frameworks";
			runOnlyForDeploymentPostprocessing = 0;
		};
/* End PBXCopyFilesBuildPhase section */

/* Begin PBXFileReference section */
		FC0EEBC425B48AAF004B0EB4 /* Effect+Ext.swift */ = {isa = PBXFileReference; lastKnownFileType = sourcecode.swift; path = "Effect+Ext.swift"; sourceTree = "<group>"; };
		FC0EEBDC25B48C1A004B0EB4 /* Shared.framework */ = {isa = PBXFileReference; explicitFileType = wrapper.framework; includeInIndex = 0; path = Shared.framework; sourceTree = BUILT_PRODUCTS_DIR; };
		FC0EEBDE25B48C1A004B0EB4 /* Shared.h */ = {isa = PBXFileReference; lastKnownFileType = sourcecode.c.h; path = Shared.h; sourceTree = "<group>"; };
		FC0EEBDF25B48C1A004B0EB4 /* Info.plist */ = {isa = PBXFileReference; lastKnownFileType = text.plist.xml; path = Info.plist; sourceTree = "<group>"; };
		FC32EA47252A07250033EF80 /* AppAction.swift */ = {isa = PBXFileReference; lastKnownFileType = sourcecode.swift; path = AppAction.swift; sourceTree = "<group>"; };
		FCB0118F2517A776000F7195 /* CombosableArchitecture.app */ = {isa = PBXFileReference; explicitFileType = wrapper.application; includeInIndex = 0; path = CombosableArchitecture.app; sourceTree = BUILT_PRODUCTS_DIR; };
		FCB011922517A776000F7195 /* CombosableArchitectureApp.swift */ = {isa = PBXFileReference; lastKnownFileType = sourcecode.swift; path = CombosableArchitectureApp.swift; sourceTree = "<group>"; };
		FCB011962517A777000F7195 /* Assets.xcassets */ = {isa = PBXFileReference; lastKnownFileType = folder.assetcatalog; path = Assets.xcassets; sourceTree = "<group>"; };
		FCB011992517A777000F7195 /* Preview Assets.xcassets */ = {isa = PBXFileReference; lastKnownFileType = folder.assetcatalog; path = "Preview Assets.xcassets"; sourceTree = "<group>"; };
		FCB0119B2517A777000F7195 /* Info.plist */ = {isa = PBXFileReference; lastKnownFileType = text.plist.xml; path = Info.plist; sourceTree = "<group>"; };
		FCB011A92517A7DB000F7195 /* CounterView.swift */ = {isa = PBXFileReference; lastKnownFileType = sourcecode.swift; path = CounterView.swift; sourceTree = "<group>"; };
		FCB011B42517AB20000F7195 /* ContentView.swift */ = {isa = PBXFileReference; lastKnownFileType = sourcecode.swift; path = ContentView.swift; sourceTree = "<group>"; };
		FCB011B72517ABD3000F7195 /* AppState.swift */ = {isa = PBXFileReference; lastKnownFileType = sourcecode.swift; path = AppState.swift; sourceTree = "<group>"; };
		FCB011BD25185BAE000F7195 /* IsPrimeModalView.swift */ = {isa = PBXFileReference; lastKnownFileType = sourcecode.swift; path = IsPrimeModalView.swift; sourceTree = "<group>"; };
		FCB011C025185DCC000F7195 /* WolframAlphaHelper.swift */ = {isa = PBXFileReference; lastKnownFileType = sourcecode.swift; path = WolframAlphaHelper.swift; sourceTree = "<group>"; };
		FCB011C4251860AA000F7195 /* FavoritePrimesView.swift */ = {isa = PBXFileReference; lastKnownFileType = sourcecode.swift; path = FavoritePrimesView.swift; sourceTree = "<group>"; };
		FCC1EE9B25ABD7130077FFFF /* Publisheres+Effect.swift */ = {isa = PBXFileReference; lastKnownFileType = sourcecode.swift; path = "Publisheres+Effect.swift"; sourceTree = "<group>"; };
		FCCAA8D7258E39B500F187AB /* Effect.swift */ = {isa = PBXFileReference; lastKnownFileType = sourcecode.swift; path = Effect.swift; sourceTree = "<group>"; };
		FCCAA8E1258E39C300F187AB /* Store.swift */ = {isa = PBXFileReference; lastKnownFileType = sourcecode.swift; path = Store.swift; sourceTree = "<group>"; };
		FCCAA8EB258E39F800F187AB /* Reducer.swift */ = {isa = PBXFileReference; lastKnownFileType = sourcecode.swift; path = Reducer.swift; sourceTree = "<group>"; };
		FCCAA8FD258E3A4600F187AB /* URLSession + Effect.swift */ = {isa = PBXFileReference; lastKnownFileType = sourcecode.swift; path = "URLSession + Effect.swift"; sourceTree = "<group>"; };
		FCD0EE5D255007E0005FB3A4 /* Counter.framework */ = {isa = PBXFileReference; explicitFileType = wrapper.framework; includeInIndex = 0; path = Counter.framework; sourceTree = BUILT_PRODUCTS_DIR; };
		FCD0EE5F255007E0005FB3A4 /* Counter.h */ = {isa = PBXFileReference; lastKnownFileType = sourcecode.c.h; path = Counter.h; sourceTree = "<group>"; };
		FCD0EE60255007E0005FB3A4 /* Info.plist */ = {isa = PBXFileReference; lastKnownFileType = text.plist.xml; path = Info.plist; sourceTree = "<group>"; };
		FCD0EE65255007E0005FB3A4 /* CounterTests.xctest */ = {isa = PBXFileReference; explicitFileType = wrapper.cfbundle; includeInIndex = 0; path = CounterTests.xctest; sourceTree = BUILT_PRODUCTS_DIR; };
		FCD0EE6C255007E0005FB3A4 /* CounterTests.swift */ = {isa = PBXFileReference; lastKnownFileType = sourcecode.swift; path = CounterTests.swift; sourceTree = "<group>"; };
		FCD0EE6E255007E0005FB3A4 /* Info.plist */ = {isa = PBXFileReference; lastKnownFileType = text.plist.xml; path = Info.plist; sourceTree = "<group>"; };
		FCD0EE82255007E6005FB3A4 /* PrimeModal.framework */ = {isa = PBXFileReference; explicitFileType = wrapper.framework; includeInIndex = 0; path = PrimeModal.framework; sourceTree = BUILT_PRODUCTS_DIR; };
		FCD0EE84255007E6005FB3A4 /* PrimeModal.h */ = {isa = PBXFileReference; lastKnownFileType = sourcecode.c.h; path = PrimeModal.h; sourceTree = "<group>"; };
		FCD0EE85255007E6005FB3A4 /* Info.plist */ = {isa = PBXFileReference; lastKnownFileType = text.plist.xml; path = Info.plist; sourceTree = "<group>"; };
		FCD0EE8A255007E6005FB3A4 /* PrimeModalTests.xctest */ = {isa = PBXFileReference; explicitFileType = wrapper.cfbundle; includeInIndex = 0; path = PrimeModalTests.xctest; sourceTree = BUILT_PRODUCTS_DIR; };
		FCD0EE91255007E6005FB3A4 /* PrimeModalTests.swift */ = {isa = PBXFileReference; lastKnownFileType = sourcecode.swift; path = PrimeModalTests.swift; sourceTree = "<group>"; };
		FCD0EE93255007E6005FB3A4 /* Info.plist */ = {isa = PBXFileReference; lastKnownFileType = text.plist.xml; path = Info.plist; sourceTree = "<group>"; };
		FCD0EEA8255007EB005FB3A4 /* FavoritePrimes.framework */ = {isa = PBXFileReference; explicitFileType = wrapper.framework; includeInIndex = 0; path = FavoritePrimes.framework; sourceTree = BUILT_PRODUCTS_DIR; };
		FCD0EEAA255007EB005FB3A4 /* FavoritePrimes.h */ = {isa = PBXFileReference; lastKnownFileType = sourcecode.c.h; path = FavoritePrimes.h; sourceTree = "<group>"; };
		FCD0EEAB255007EB005FB3A4 /* Info.plist */ = {isa = PBXFileReference; lastKnownFileType = text.plist.xml; path = Info.plist; sourceTree = "<group>"; };
		FCD0EEB0255007EC005FB3A4 /* FavoritePrimesTests.xctest */ = {isa = PBXFileReference; explicitFileType = wrapper.cfbundle; includeInIndex = 0; path = FavoritePrimesTests.xctest; sourceTree = BUILT_PRODUCTS_DIR; };
		FCD0EEB7255007EC005FB3A4 /* FavoritePrimesTests.swift */ = {isa = PBXFileReference; lastKnownFileType = sourcecode.swift; path = FavoritePrimesTests.swift; sourceTree = "<group>"; };
		FCD0EEB9255007EC005FB3A4 /* Info.plist */ = {isa = PBXFileReference; lastKnownFileType = text.plist.xml; path = Info.plist; sourceTree = "<group>"; };
		FCD0EED0255007F8005FB3A4 /* Core.framework */ = {isa = PBXFileReference; explicitFileType = wrapper.framework; includeInIndex = 0; path = Core.framework; sourceTree = BUILT_PRODUCTS_DIR; };
		FCD0EED2255007F8005FB3A4 /* Core.h */ = {isa = PBXFileReference; lastKnownFileType = sourcecode.c.h; path = Core.h; sourceTree = "<group>"; };
		FCD0EED3255007F8005FB3A4 /* Info.plist */ = {isa = PBXFileReference; lastKnownFileType = text.plist.xml; path = Info.plist; sourceTree = "<group>"; };
		FCD0EED8255007F8005FB3A4 /* CoreTests.xctest */ = {isa = PBXFileReference; explicitFileType = wrapper.cfbundle; includeInIndex = 0; path = CoreTests.xctest; sourceTree = BUILT_PRODUCTS_DIR; };
		FCD0EEDF255007F8005FB3A4 /* CoreTests.swift */ = {isa = PBXFileReference; lastKnownFileType = sourcecode.swift; path = CoreTests.swift; sourceTree = "<group>"; };
		FCD0EEE1255007F8005FB3A4 /* Info.plist */ = {isa = PBXFileReference; lastKnownFileType = text.plist.xml; path = Info.plist; sourceTree = "<group>"; };
		FCF40A7F2532E0BE00727DC4 /* Reducers.swift */ = {isa = PBXFileReference; lastKnownFileType = sourcecode.swift; path = Reducers.swift; sourceTree = "<group>"; };
		FCFFDA172558223C0094B4FB /* Counter.swift */ = {isa = PBXFileReference; lastKnownFileType = sourcecode.swift; path = Counter.swift; sourceTree = "<group>"; };
		FCFFDA21255822430094B4FB /* PrimeModal.swift */ = {isa = PBXFileReference; lastKnownFileType = sourcecode.swift; path = PrimeModal.swift; sourceTree = "<group>"; };
		FCFFDA2B255822490094B4FB /* FavoritePrimes.swift */ = {isa = PBXFileReference; lastKnownFileType = sourcecode.swift; path = FavoritePrimes.swift; sourceTree = "<group>"; };
/* End PBXFileReference section */

/* Begin PBXFrameworksBuildPhase section */
		FC0EEBD925B48C1A004B0EB4 /* Frameworks */ = {
			isa = PBXFrameworksBuildPhase;
			buildActionMask = 2147483647;
			files = (
				FC0EEC0F25B48C4F004B0EB4 /* Core.framework in Frameworks */,
			);
			runOnlyForDeploymentPostprocessing = 0;
		};
		FCB0118C2517A776000F7195 /* Frameworks */ = {
			isa = PBXFrameworksBuildPhase;
			buildActionMask = 2147483647;
			files = (
				FC0EEBE325B48C1A004B0EB4 /* Shared.framework in Frameworks */,
				FCD0EE97255007E6005FB3A4 /* PrimeModal.framework in Frameworks */,
				FCD0EE72255007E0005FB3A4 /* Counter.framework in Frameworks */,
				FCD0EEBD255007EC005FB3A4 /* FavoritePrimes.framework in Frameworks */,
				FCD0EEE5255007F8005FB3A4 /* Core.framework in Frameworks */,
			);
			runOnlyForDeploymentPostprocessing = 0;
		};
		FCD0EE5A255007E0005FB3A4 /* Frameworks */ = {
			isa = PBXFrameworksBuildPhase;
			buildActionMask = 2147483647;
			files = (
				FC0EEBF225B48C33004B0EB4 /* Shared.framework in Frameworks */,
				FC0EEC2625B4905B004B0EB4 /* Core.framework in Frameworks */,
			);
			runOnlyForDeploymentPostprocessing = 0;
		};
		FCD0EE62255007E0005FB3A4 /* Frameworks */ = {
			isa = PBXFrameworksBuildPhase;
			buildActionMask = 2147483647;
			files = (
				FCD0EE66255007E0005FB3A4 /* Counter.framework in Frameworks */,
			);
			runOnlyForDeploymentPostprocessing = 0;
		};
		FCD0EE7F255007E6005FB3A4 /* Frameworks */ = {
			isa = PBXFrameworksBuildPhase;
			buildActionMask = 2147483647;
			files = (
				FC0EEC3125B49060004B0EB4 /* Core.framework in Frameworks */,
			);
			runOnlyForDeploymentPostprocessing = 0;
		};
		FCD0EE87255007E6005FB3A4 /* Frameworks */ = {
			isa = PBXFrameworksBuildPhase;
			buildActionMask = 2147483647;
			files = (
				FCD0EE8B255007E6005FB3A4 /* PrimeModal.framework in Frameworks */,
			);
			runOnlyForDeploymentPostprocessing = 0;
		};
		FCD0EEA5255007EB005FB3A4 /* Frameworks */ = {
			isa = PBXFrameworksBuildPhase;
			buildActionMask = 2147483647;
			files = (
				FC0EEC3625B49064004B0EB4 /* Core.framework in Frameworks */,
			);
			runOnlyForDeploymentPostprocessing = 0;
		};
		FCD0EEAD255007EC005FB3A4 /* Frameworks */ = {
			isa = PBXFrameworksBuildPhase;
			buildActionMask = 2147483647;
			files = (
				FCD0EEB1255007EC005FB3A4 /* FavoritePrimes.framework in Frameworks */,
			);
			runOnlyForDeploymentPostprocessing = 0;
		};
		FCD0EECD255007F8005FB3A4 /* Frameworks */ = {
			isa = PBXFrameworksBuildPhase;
			buildActionMask = 2147483647;
			files = (
			);
			runOnlyForDeploymentPostprocessing = 0;
		};
		FCD0EED5255007F8005FB3A4 /* Frameworks */ = {
			isa = PBXFrameworksBuildPhase;
			buildActionMask = 2147483647;
			files = (
				FCD0EED9255007F8005FB3A4 /* Core.framework in Frameworks */,
			);
			runOnlyForDeploymentPostprocessing = 0;
		};
/* End PBXFrameworksBuildPhase section */

/* Begin PBXGroup section */
		FC0EEBDD25B48C1A004B0EB4 /* Shared */ = {
			isa = PBXGroup;
			children = (
				FCCAA8FD258E3A4600F187AB /* URLSession + Effect.swift */,
				FC0EEBDE25B48C1A004B0EB4 /* Shared.h */,
				FC0EEBDF25B48C1A004B0EB4 /* Info.plist */,
			);
			path = Shared;
			sourceTree = "<group>";
		};
		FC0EEBF125B48C33004B0EB4 /* Frameworks */ = {
			isa = PBXGroup;
			children = (
			);
			name = Frameworks;
			sourceTree = "<group>";
		};
		FC32EA3D2529FF2F0033EF80 /* Action */ = {
			isa = PBXGroup;
			children = (
				FC32EA47252A07250033EF80 /* AppAction.swift */,
			);
			path = Action;
			sourceTree = "<group>";
		};
		FC32EA422529FF8E0033EF80 /* View */ = {
			isa = PBXGroup;
			children = (
				FCB011B42517AB20000F7195 /* ContentView.swift */,
			);
			path = View;
			sourceTree = "<group>";
		};
		FC32EA432529FF9A0033EF80 /* Appication */ = {
			isa = PBXGroup;
			children = (
				FCB011922517A776000F7195 /* CombosableArchitectureApp.swift */,
			);
			path = Appication;
			sourceTree = "<group>";
		};
		FCB011862517A776000F7195 = {
			isa = PBXGroup;
			children = (
				FCB011912517A776000F7195 /* CombosableArchitecture */,
				FCD0EE5E255007E0005FB3A4 /* Counter */,
				FCD0EE6B255007E0005FB3A4 /* CounterTests */,
				FCD0EE83255007E6005FB3A4 /* PrimeModal */,
				FCD0EE90255007E6005FB3A4 /* PrimeModalTests */,
				FCD0EEA9255007EB005FB3A4 /* FavoritePrimes */,
				FCD0EEB6255007EC005FB3A4 /* FavoritePrimesTests */,
				FCD0EED1255007F8005FB3A4 /* Core */,
				FCD0EEDE255007F8005FB3A4 /* CoreTests */,
				FC0EEBDD25B48C1A004B0EB4 /* Shared */,
				FCB011902517A776000F7195 /* Products */,
				FC0EEBF125B48C33004B0EB4 /* Frameworks */,
			);
			sourceTree = "<group>";
		};
		FCB011902517A776000F7195 /* Products */ = {
			isa = PBXGroup;
			children = (
				FCB0118F2517A776000F7195 /* CombosableArchitecture.app */,
				FCD0EE5D255007E0005FB3A4 /* Counter.framework */,
				FCD0EE65255007E0005FB3A4 /* CounterTests.xctest */,
				FCD0EE82255007E6005FB3A4 /* PrimeModal.framework */,
				FCD0EE8A255007E6005FB3A4 /* PrimeModalTests.xctest */,
				FCD0EEA8255007EB005FB3A4 /* FavoritePrimes.framework */,
				FCD0EEB0255007EC005FB3A4 /* FavoritePrimesTests.xctest */,
				FCD0EED0255007F8005FB3A4 /* Core.framework */,
				FCD0EED8255007F8005FB3A4 /* CoreTests.xctest */,
				FC0EEBDC25B48C1A004B0EB4 /* Shared.framework */,
			);
			name = Products;
			sourceTree = "<group>";
		};
		FCB011912517A776000F7195 /* CombosableArchitecture */ = {
			isa = PBXGroup;
			children = (
				FC32EA432529FF9A0033EF80 /* Appication */,
				FCB011B72517ABD3000F7195 /* AppState.swift */,
				FCF40A752532E04C00727DC4 /* Reducer */,
				FC32EA3D2529FF2F0033EF80 /* Action */,
				FC32EA422529FF8E0033EF80 /* View */,
				FCB011962517A777000F7195 /* Assets.xcassets */,
				FCB0119B2517A777000F7195 /* Info.plist */,
				FCB011982517A777000F7195 /* Preview Content */,
			);
			path = CombosableArchitecture;
			sourceTree = "<group>";
		};
		FCB011982517A777000F7195 /* Preview Content */ = {
			isa = PBXGroup;
			children = (
				FCB011992517A777000F7195 /* Preview Assets.xcassets */,
			);
			path = "Preview Content";
			sourceTree = "<group>";
		};
		FCD0EE5E255007E0005FB3A4 /* Counter */ = {
			isa = PBXGroup;
			children = (
				FCD0EE5F255007E0005FB3A4 /* Counter.h */,
				FCFFDA172558223C0094B4FB /* Counter.swift */,
				FCB011A92517A7DB000F7195 /* CounterView.swift */,
				FCB011C025185DCC000F7195 /* WolframAlphaHelper.swift */,
				FCD0EE60255007E0005FB3A4 /* Info.plist */,
			);
			path = Counter;
			sourceTree = "<group>";
		};
		FCD0EE6B255007E0005FB3A4 /* CounterTests */ = {
			isa = PBXGroup;
			children = (
				FCD0EE6C255007E0005FB3A4 /* CounterTests.swift */,
				FCD0EE6E255007E0005FB3A4 /* Info.plist */,
			);
			path = CounterTests;
			sourceTree = "<group>";
		};
		FCD0EE83255007E6005FB3A4 /* PrimeModal */ = {
			isa = PBXGroup;
			children = (
				FCD0EE84255007E6005FB3A4 /* PrimeModal.h */,
				FCFFDA21255822430094B4FB /* PrimeModal.swift */,
				FCB011BD25185BAE000F7195 /* IsPrimeModalView.swift */,
				FCD0EE85255007E6005FB3A4 /* Info.plist */,
			);
			path = PrimeModal;
			sourceTree = "<group>";
		};
		FCD0EE90255007E6005FB3A4 /* PrimeModalTests */ = {
			isa = PBXGroup;
			children = (
				FCD0EE91255007E6005FB3A4 /* PrimeModalTests.swift */,
				FCD0EE93255007E6005FB3A4 /* Info.plist */,
			);
			path = PrimeModalTests;
			sourceTree = "<group>";
		};
		FCD0EEA9255007EB005FB3A4 /* FavoritePrimes */ = {
			isa = PBXGroup;
			children = (
				FCD0EEAA255007EB005FB3A4 /* FavoritePrimes.h */,
				FCD0EEAB255007EB005FB3A4 /* Info.plist */,
				FCFFDA2B255822490094B4FB /* FavoritePrimes.swift */,
				FCB011C4251860AA000F7195 /* FavoritePrimesView.swift */,
			);
			path = FavoritePrimes;
			sourceTree = "<group>";
		};
		FCD0EEB6255007EC005FB3A4 /* FavoritePrimesTests */ = {
			isa = PBXGroup;
			children = (
				FCD0EEB7255007EC005FB3A4 /* FavoritePrimesTests.swift */,
				FCD0EEB9255007EC005FB3A4 /* Info.plist */,
			);
			path = FavoritePrimesTests;
			sourceTree = "<group>";
		};
		FCD0EED1255007F8005FB3A4 /* Core */ = {
			isa = PBXGroup;
			children = (
				FCD0EED2255007F8005FB3A4 /* Core.h */,
				FCCAA8EB258E39F800F187AB /* Reducer.swift */,
				FCCAA8E1258E39C300F187AB /* Store.swift */,
				FCCAA8D7258E39B500F187AB /* Effect.swift */,
				FCC1EE9B25ABD7130077FFFF /* Publisheres+Effect.swift */,
				FC0EEBC425B48AAF004B0EB4 /* Effect+Ext.swift */,
				FCD0EED3255007F8005FB3A4 /* Info.plist */,
			);
			path = Core;
			sourceTree = "<group>";
		};
		FCD0EEDE255007F8005FB3A4 /* CoreTests */ = {
			isa = PBXGroup;
			children = (
				FCD0EEDF255007F8005FB3A4 /* CoreTests.swift */,
				FCD0EEE1255007F8005FB3A4 /* Info.plist */,
			);
			path = CoreTests;
			sourceTree = "<group>";
		};
		FCF40A752532E04C00727DC4 /* Reducer */ = {
			isa = PBXGroup;
			children = (
				FCF40A7F2532E0BE00727DC4 /* Reducers.swift */,
			);
			path = Reducer;
			sourceTree = "<group>";
		};
/* End PBXGroup section */

/* Begin PBXHeadersBuildPhase section */
		FC0EEBD725B48C1A004B0EB4 /* Headers */ = {
			isa = PBXHeadersBuildPhase;
			buildActionMask = 2147483647;
			files = (
				FC0EEBE025B48C1A004B0EB4 /* Shared.h in Headers */,
			);
			runOnlyForDeploymentPostprocessing = 0;
		};
		FCD0EE58255007E0005FB3A4 /* Headers */ = {
			isa = PBXHeadersBuildPhase;
			buildActionMask = 2147483647;
			files = (
				FCD0EE6F255007E0005FB3A4 /* Counter.h in Headers */,
			);
			runOnlyForDeploymentPostprocessing = 0;
		};
		FCD0EE7D255007E6005FB3A4 /* Headers */ = {
			isa = PBXHeadersBuildPhase;
			buildActionMask = 2147483647;
			files = (
				FCD0EE94255007E6005FB3A4 /* PrimeModal.h in Headers */,
			);
			runOnlyForDeploymentPostprocessing = 0;
		};
		FCD0EEA3255007EB005FB3A4 /* Headers */ = {
			isa = PBXHeadersBuildPhase;
			buildActionMask = 2147483647;
			files = (
				FCD0EEBA255007EC005FB3A4 /* FavoritePrimes.h in Headers */,
			);
			runOnlyForDeploymentPostprocessing = 0;
		};
		FCD0EECB255007F8005FB3A4 /* Headers */ = {
			isa = PBXHeadersBuildPhase;
			buildActionMask = 2147483647;
			files = (
				FCD0EEE2255007F8005FB3A4 /* Core.h in Headers */,
			);
			runOnlyForDeploymentPostprocessing = 0;
		};
/* End PBXHeadersBuildPhase section */

/* Begin PBXNativeTarget section */
		FC0EEBDB25B48C1A004B0EB4 /* Shared */ = {
			isa = PBXNativeTarget;
			buildConfigurationList = FC0EEBE525B48C1A004B0EB4 /* Build configuration list for PBXNativeTarget "Shared" */;
			buildPhases = (
				FC0EEBD725B48C1A004B0EB4 /* Headers */,
				FC0EEBD825B48C1A004B0EB4 /* Sources */,
				FC0EEBD925B48C1A004B0EB4 /* Frameworks */,
				FC0EEBDA25B48C1A004B0EB4 /* Resources */,
				FC0EEC1325B48C4F004B0EB4 /* Embed Frameworks */,
			);
			buildRules = (
			);
			dependencies = (
				FC0EEC1225B48C4F004B0EB4 /* PBXTargetDependency */,
			);
			name = Shared;
			productName = Shared;
			productReference = FC0EEBDC25B48C1A004B0EB4 /* Shared.framework */;
			productType = "com.apple.product-type.framework";
		};
		FCB0118E2517A776000F7195 /* CombosableArchitecture */ = {
			isa = PBXNativeTarget;
			buildConfigurationList = FCB0119E2517A777000F7195 /* Build configuration list for PBXNativeTarget "CombosableArchitecture" */;
			buildPhases = (
				FCB0118B2517A776000F7195 /* Sources */,
				FCB0118C2517A776000F7195 /* Frameworks */,
				FCB0118D2517A776000F7195 /* Resources */,
				FCD0EE74255007E0005FB3A4 /* Embed Frameworks */,
			);
			buildRules = (
			);
			dependencies = (
				FCD0EE71255007E0005FB3A4 /* PBXTargetDependency */,
				FCD0EE96255007E6005FB3A4 /* PBXTargetDependency */,
				FCD0EEBC255007EC005FB3A4 /* PBXTargetDependency */,
				FCD0EEE4255007F8005FB3A4 /* PBXTargetDependency */,
				FC0EEBE225B48C1A004B0EB4 /* PBXTargetDependency */,
			);
			name = CombosableArchitecture;
			productName = CombosableArchitecture;
			productReference = FCB0118F2517A776000F7195 /* CombosableArchitecture.app */;
			productType = "com.apple.product-type.application";
		};
		FCD0EE5C255007E0005FB3A4 /* Counter */ = {
			isa = PBXNativeTarget;
			buildConfigurationList = FCD0EE79255007E0005FB3A4 /* Build configuration list for PBXNativeTarget "Counter" */;
			buildPhases = (
				FCD0EE58255007E0005FB3A4 /* Headers */,
				FCD0EE59255007E0005FB3A4 /* Sources */,
				FCD0EE5A255007E0005FB3A4 /* Frameworks */,
				FCD0EE5B255007E0005FB3A4 /* Resources */,
				FC0EEBF625B48C34004B0EB4 /* Embed Frameworks */,
			);
			buildRules = (
			);
			dependencies = (
				FCEC34532586273700FF0208 /* PBXTargetDependency */,
				FC61704125627CE900BC8B5D /* PBXTargetDependency */,
				FC0EEBF525B48C33004B0EB4 /* PBXTargetDependency */,
				FC0EEC2925B4905B004B0EB4 /* PBXTargetDependency */,
			);
			name = Counter;
			productName = Counter;
			productReference = FCD0EE5D255007E0005FB3A4 /* Counter.framework */;
			productType = "com.apple.product-type.framework";
		};
		FCD0EE64255007E0005FB3A4 /* CounterTests */ = {
			isa = PBXNativeTarget;
			buildConfigurationList = FCD0EE7A255007E0005FB3A4 /* Build configuration list for PBXNativeTarget "CounterTests" */;
			buildPhases = (
				FCD0EE61255007E0005FB3A4 /* Sources */,
				FCD0EE62255007E0005FB3A4 /* Frameworks */,
				FCD0EE63255007E0005FB3A4 /* Resources */,
			);
			buildRules = (
			);
			dependencies = (
				FCD0EE68255007E0005FB3A4 /* PBXTargetDependency */,
				FCD0EE6A255007E0005FB3A4 /* PBXTargetDependency */,
			);
			name = CounterTests;
			productName = CounterTests;
			productReference = FCD0EE65255007E0005FB3A4 /* CounterTests.xctest */;
			productType = "com.apple.product-type.bundle.unit-test";
		};
		FCD0EE81255007E6005FB3A4 /* PrimeModal */ = {
			isa = PBXNativeTarget;
			buildConfigurationList = FCD0EE99255007E6005FB3A4 /* Build configuration list for PBXNativeTarget "PrimeModal" */;
			buildPhases = (
				FCD0EE7D255007E6005FB3A4 /* Headers */,
				FCD0EE7E255007E6005FB3A4 /* Sources */,
				FCD0EE7F255007E6005FB3A4 /* Frameworks */,
				FCD0EE80255007E6005FB3A4 /* Resources */,
				FC0EEC3525B49060004B0EB4 /* Embed Frameworks */,
			);
			buildRules = (
			);
			dependencies = (
				FCEC34512586272E00FF0208 /* PBXTargetDependency */,
				FC0EEC3425B49060004B0EB4 /* PBXTargetDependency */,
			);
			name = PrimeModal;
			productName = PrimeModal;
			productReference = FCD0EE82255007E6005FB3A4 /* PrimeModal.framework */;
			productType = "com.apple.product-type.framework";
		};
		FCD0EE89255007E6005FB3A4 /* PrimeModalTests */ = {
			isa = PBXNativeTarget;
			buildConfigurationList = FCD0EE9C255007E6005FB3A4 /* Build configuration list for PBXNativeTarget "PrimeModalTests" */;
			buildPhases = (
				FCD0EE86255007E6005FB3A4 /* Sources */,
				FCD0EE87255007E6005FB3A4 /* Frameworks */,
				FCD0EE88255007E6005FB3A4 /* Resources */,
			);
			buildRules = (
			);
			dependencies = (
				FCD0EE8D255007E6005FB3A4 /* PBXTargetDependency */,
				FCD0EE8F255007E6005FB3A4 /* PBXTargetDependency */,
			);
			name = PrimeModalTests;
			productName = PrimeModalTests;
			productReference = FCD0EE8A255007E6005FB3A4 /* PrimeModalTests.xctest */;
			productType = "com.apple.product-type.bundle.unit-test";
		};
		FCD0EEA7255007EB005FB3A4 /* FavoritePrimes */ = {
			isa = PBXNativeTarget;
			buildConfigurationList = FCD0EEBF255007EC005FB3A4 /* Build configuration list for PBXNativeTarget "FavoritePrimes" */;
			buildPhases = (
				FCD0EEA3255007EB005FB3A4 /* Headers */,
				FCD0EEA4255007EB005FB3A4 /* Sources */,
				FCD0EEA5255007EB005FB3A4 /* Frameworks */,
				FCD0EEA6255007EB005FB3A4 /* Resources */,
				FC0EEC3A25B49064004B0EB4 /* Embed Frameworks */,
			);
			buildRules = (
			);
			dependencies = (
				FCFDEFF0257D15F200599DAB /* PBXTargetDependency */,
				FC0EEC3925B49064004B0EB4 /* PBXTargetDependency */,
			);
			name = FavoritePrimes;
			productName = FavoritePrimes;
			productReference = FCD0EEA8255007EB005FB3A4 /* FavoritePrimes.framework */;
			productType = "com.apple.product-type.framework";
		};
		FCD0EEAF255007EC005FB3A4 /* FavoritePrimesTests */ = {
			isa = PBXNativeTarget;
			buildConfigurationList = FCD0EEC2255007EC005FB3A4 /* Build configuration list for PBXNativeTarget "FavoritePrimesTests" */;
			buildPhases = (
				FCD0EEAC255007EC005FB3A4 /* Sources */,
				FCD0EEAD255007EC005FB3A4 /* Frameworks */,
				FCD0EEAE255007EC005FB3A4 /* Resources */,
			);
			buildRules = (
			);
			dependencies = (
				FCD0EEB3255007EC005FB3A4 /* PBXTargetDependency */,
				FCD0EEB5255007EC005FB3A4 /* PBXTargetDependency */,
			);
			name = FavoritePrimesTests;
			productName = FavoritePrimesTests;
			productReference = FCD0EEB0255007EC005FB3A4 /* FavoritePrimesTests.xctest */;
			productType = "com.apple.product-type.bundle.unit-test";
		};
		FCD0EECF255007F8005FB3A4 /* Core */ = {
			isa = PBXNativeTarget;
			buildConfigurationList = FCD0EEE7255007F8005FB3A4 /* Build configuration list for PBXNativeTarget "Core" */;
			buildPhases = (
				FCD0EECB255007F8005FB3A4 /* Headers */,
				FCD0EECC255007F8005FB3A4 /* Sources */,
				FCD0EECD255007F8005FB3A4 /* Frameworks */,
				FCD0EECE255007F8005FB3A4 /* Resources */,
			);
			buildRules = (
			);
			dependencies = (
			);
			name = Core;
			productName = Core;
			productReference = FCD0EED0255007F8005FB3A4 /* Core.framework */;
			productType = "com.apple.product-type.framework";
		};
		FCD0EED7255007F8005FB3A4 /* CoreTests */ = {
			isa = PBXNativeTarget;
			buildConfigurationList = FCD0EEEA255007F8005FB3A4 /* Build configuration list for PBXNativeTarget "CoreTests" */;
			buildPhases = (
				FCD0EED4255007F8005FB3A4 /* Sources */,
				FCD0EED5255007F8005FB3A4 /* Frameworks */,
				FCD0EED6255007F8005FB3A4 /* Resources */,
			);
			buildRules = (
			);
			dependencies = (
				FCD0EEDB255007F8005FB3A4 /* PBXTargetDependency */,
				FCD0EEDD255007F8005FB3A4 /* PBXTargetDependency */,
			);
			name = CoreTests;
			productName = CoreTests;
			productReference = FCD0EED8255007F8005FB3A4 /* CoreTests.xctest */;
			productType = "com.apple.product-type.bundle.unit-test";
		};
/* End PBXNativeTarget section */

/* Begin PBXProject section */
		FCB011872517A776000F7195 /* Project object */ = {
			isa = PBXProject;
			attributes = {
				LastSwiftUpdateCheck = 1210;
				LastUpgradeCheck = 1200;
				TargetAttributes = {
					FC0EEBDB25B48C1A004B0EB4 = {
						CreatedOnToolsVersion = 12.3;
					};
					FCB0118E2517A776000F7195 = {
						CreatedOnToolsVersion = 12.0;
					};
					FCD0EE5C255007E0005FB3A4 = {
						CreatedOnToolsVersion = 12.1;
						LastSwiftMigration = 1210;
					};
					FCD0EE64255007E0005FB3A4 = {
						CreatedOnToolsVersion = 12.1;
						TestTargetID = FCB0118E2517A776000F7195;
					};
					FCD0EE81255007E6005FB3A4 = {
						CreatedOnToolsVersion = 12.1;
						LastSwiftMigration = 1210;
					};
					FCD0EE89255007E6005FB3A4 = {
						CreatedOnToolsVersion = 12.1;
						TestTargetID = FCB0118E2517A776000F7195;
					};
					FCD0EEA7255007EB005FB3A4 = {
						CreatedOnToolsVersion = 12.1;
						LastSwiftMigration = 1210;
					};
					FCD0EEAF255007EC005FB3A4 = {
						CreatedOnToolsVersion = 12.1;
						TestTargetID = FCB0118E2517A776000F7195;
					};
					FCD0EECF255007F8005FB3A4 = {
						CreatedOnToolsVersion = 12.1;
						LastSwiftMigration = 1210;
					};
					FCD0EED7255007F8005FB3A4 = {
						CreatedOnToolsVersion = 12.1;
						TestTargetID = FCB0118E2517A776000F7195;
					};
				};
			};
			buildConfigurationList = FCB0118A2517A776000F7195 /* Build configuration list for PBXProject "CombosableArchitecture" */;
			compatibilityVersion = "Xcode 9.3";
			developmentRegion = en;
			hasScannedForEncodings = 0;
			knownRegions = (
				en,
				Base,
			);
			mainGroup = FCB011862517A776000F7195;
			productRefGroup = FCB011902517A776000F7195 /* Products */;
			projectDirPath = "";
			projectRoot = "";
			targets = (
				FCB0118E2517A776000F7195 /* CombosableArchitecture */,
				FCD0EE5C255007E0005FB3A4 /* Counter */,
				FCD0EE64255007E0005FB3A4 /* CounterTests */,
				FCD0EE81255007E6005FB3A4 /* PrimeModal */,
				FCD0EE89255007E6005FB3A4 /* PrimeModalTests */,
				FCD0EEA7255007EB005FB3A4 /* FavoritePrimes */,
				FCD0EEAF255007EC005FB3A4 /* FavoritePrimesTests */,
				FCD0EECF255007F8005FB3A4 /* Core */,
				FCD0EED7255007F8005FB3A4 /* CoreTests */,
				FC0EEBDB25B48C1A004B0EB4 /* Shared */,
			);
		};
/* End PBXProject section */

/* Begin PBXResourcesBuildPhase section */
		FC0EEBDA25B48C1A004B0EB4 /* Resources */ = {
			isa = PBXResourcesBuildPhase;
			buildActionMask = 2147483647;
			files = (
			);
			runOnlyForDeploymentPostprocessing = 0;
		};
		FCB0118D2517A776000F7195 /* Resources */ = {
			isa = PBXResourcesBuildPhase;
			buildActionMask = 2147483647;
			files = (
				FCB0119A2517A777000F7195 /* Preview Assets.xcassets in Resources */,
				FCB011972517A777000F7195 /* Assets.xcassets in Resources */,
			);
			runOnlyForDeploymentPostprocessing = 0;
		};
		FCD0EE5B255007E0005FB3A4 /* Resources */ = {
			isa = PBXResourcesBuildPhase;
			buildActionMask = 2147483647;
			files = (
			);
			runOnlyForDeploymentPostprocessing = 0;
		};
		FCD0EE63255007E0005FB3A4 /* Resources */ = {
			isa = PBXResourcesBuildPhase;
			buildActionMask = 2147483647;
			files = (
			);
			runOnlyForDeploymentPostprocessing = 0;
		};
		FCD0EE80255007E6005FB3A4 /* Resources */ = {
			isa = PBXResourcesBuildPhase;
			buildActionMask = 2147483647;
			files = (
			);
			runOnlyForDeploymentPostprocessing = 0;
		};
		FCD0EE88255007E6005FB3A4 /* Resources */ = {
			isa = PBXResourcesBuildPhase;
			buildActionMask = 2147483647;
			files = (
			);
			runOnlyForDeploymentPostprocessing = 0;
		};
		FCD0EEA6255007EB005FB3A4 /* Resources */ = {
			isa = PBXResourcesBuildPhase;
			buildActionMask = 2147483647;
			files = (
			);
			runOnlyForDeploymentPostprocessing = 0;
		};
		FCD0EEAE255007EC005FB3A4 /* Resources */ = {
			isa = PBXResourcesBuildPhase;
			buildActionMask = 2147483647;
			files = (
			);
			runOnlyForDeploymentPostprocessing = 0;
		};
		FCD0EECE255007F8005FB3A4 /* Resources */ = {
			isa = PBXResourcesBuildPhase;
			buildActionMask = 2147483647;
			files = (
			);
			runOnlyForDeploymentPostprocessing = 0;
		};
		FCD0EED6255007F8005FB3A4 /* Resources */ = {
			isa = PBXResourcesBuildPhase;
			buildActionMask = 2147483647;
			files = (
			);
			runOnlyForDeploymentPostprocessing = 0;
		};
/* End PBXResourcesBuildPhase section */

/* Begin PBXSourcesBuildPhase section */
		FC0EEBD825B48C1A004B0EB4 /* Sources */ = {
			isa = PBXSourcesBuildPhase;
			buildActionMask = 2147483647;
			files = (
				FC0EEC1925B48C59004B0EB4 /* URLSession + Effect.swift in Sources */,
			);
			runOnlyForDeploymentPostprocessing = 0;
		};
		FCB0118B2517A776000F7195 /* Sources */ = {
			isa = PBXSourcesBuildPhase;
			buildActionMask = 2147483647;
			files = (
				FCB011B52517AB20000F7195 /* ContentView.swift in Sources */,
				FCB011B82517ABD3000F7195 /* AppState.swift in Sources */,
				FCF40A802532E0BE00727DC4 /* Reducers.swift in Sources */,
				FCB011932517A776000F7195 /* CombosableArchitectureApp.swift in Sources */,
				FC32EA48252A07250033EF80 /* AppAction.swift in Sources */,
			);
			runOnlyForDeploymentPostprocessing = 0;
		};
		FCD0EE59255007E0005FB3A4 /* Sources */ = {
			isa = PBXSourcesBuildPhase;
			buildActionMask = 2147483647;
			files = (
				FCFFDA182558223C0094B4FB /* Counter.swift in Sources */,
				FC61705225627D2800BC8B5D /* WolframAlphaHelper.swift in Sources */,
				FC61703725627CB600BC8B5D /* CounterView.swift in Sources */,
			);
			runOnlyForDeploymentPostprocessing = 0;
		};
		FCD0EE61255007E0005FB3A4 /* Sources */ = {
			isa = PBXSourcesBuildPhase;
			buildActionMask = 2147483647;
			files = (
				FCD0EE6D255007E0005FB3A4 /* CounterTests.swift in Sources */,
			);
			runOnlyForDeploymentPostprocessing = 0;
		};
		FCD0EE7E255007E6005FB3A4 /* Sources */ = {
			isa = PBXSourcesBuildPhase;
			buildActionMask = 2147483647;
			files = (
				FC617026256278B200BC8B5D /* IsPrimeModalView.swift in Sources */,
				FCFFDA22255822430094B4FB /* PrimeModal.swift in Sources */,
			);
			runOnlyForDeploymentPostprocessing = 0;
		};
		FCD0EE86255007E6005FB3A4 /* Sources */ = {
			isa = PBXSourcesBuildPhase;
			buildActionMask = 2147483647;
			files = (
				FCD0EE92255007E6005FB3A4 /* PrimeModalTests.swift in Sources */,
			);
			runOnlyForDeploymentPostprocessing = 0;
		};
		FCD0EEA4255007EB005FB3A4 /* Sources */ = {
			isa = PBXSourcesBuildPhase;
			buildActionMask = 2147483647;
			files = (
				FC61700C2562766100BC8B5D /* FavoritePrimesView.swift in Sources */,
				FCFFDA2C255822490094B4FB /* FavoritePrimes.swift in Sources */,
			);
			runOnlyForDeploymentPostprocessing = 0;
		};
		FCD0EEAC255007EC005FB3A4 /* Sources */ = {
			isa = PBXSourcesBuildPhase;
			buildActionMask = 2147483647;
			files = (
				FCD0EEB8255007EC005FB3A4 /* FavoritePrimesTests.swift in Sources */,
			);
			runOnlyForDeploymentPostprocessing = 0;
		};
		FCD0EECC255007F8005FB3A4 /* Sources */ = {
			isa = PBXSourcesBuildPhase;
			buildActionMask = 2147483647;
			files = (
				FCC1EE9C25ABD7130077FFFF /* Publisheres+Effect.swift in Sources */,
				FCCAA8E2258E39C300F187AB /* Store.swift in Sources */,
				FC0EEBC525B48AAF004B0EB4 /* Effect+Ext.swift in Sources */,
				FCCAA8D8258E39B500F187AB /* Effect.swift in Sources */,
				FCCAA8EC258E39F800F187AB /* Reducer.swift in Sources */,
			);
			runOnlyForDeploymentPostprocessing = 0;
		};
		FCD0EED4255007F8005FB3A4 /* Sources */ = {
			isa = PBXSourcesBuildPhase;
			buildActionMask = 2147483647;
			files = (
				FCD0EEE0255007F8005FB3A4 /* CoreTests.swift in Sources */,
			);
			runOnlyForDeploymentPostprocessing = 0;
		};
/* End PBXSourcesBuildPhase section */

/* Begin PBXTargetDependency section */
		FC0EEBE225B48C1A004B0EB4 /* PBXTargetDependency */ = {
			isa = PBXTargetDependency;
			target = FC0EEBDB25B48C1A004B0EB4 /* Shared */;
			targetProxy = FC0EEBE125B48C1A004B0EB4 /* PBXContainerItemProxy */;
		};
		FC0EEBF525B48C33004B0EB4 /* PBXTargetDependency */ = {
			isa = PBXTargetDependency;
			target = FC0EEBDB25B48C1A004B0EB4 /* Shared */;
			targetProxy = FC0EEBF425B48C33004B0EB4 /* PBXContainerItemProxy */;
		};
		FC0EEC1225B48C4F004B0EB4 /* PBXTargetDependency */ = {
			isa = PBXTargetDependency;
			target = FCD0EECF255007F8005FB3A4 /* Core */;
			targetProxy = FC0EEC1125B48C4F004B0EB4 /* PBXContainerItemProxy */;
		};
		FC0EEC2925B4905B004B0EB4 /* PBXTargetDependency */ = {
			isa = PBXTargetDependency;
			target = FCD0EECF255007F8005FB3A4 /* Core */;
			targetProxy = FC0EEC2825B4905B004B0EB4 /* PBXContainerItemProxy */;
		};
		FC0EEC3425B49060004B0EB4 /* PBXTargetDependency */ = {
			isa = PBXTargetDependency;
			target = FCD0EECF255007F8005FB3A4 /* Core */;
			targetProxy = FC0EEC3325B49060004B0EB4 /* PBXContainerItemProxy */;
		};
		FC0EEC3925B49064004B0EB4 /* PBXTargetDependency */ = {
			isa = PBXTargetDependency;
			target = FCD0EECF255007F8005FB3A4 /* Core */;
			targetProxy = FC0EEC3825B49064004B0EB4 /* PBXContainerItemProxy */;
		};
		FC61704125627CE900BC8B5D /* PBXTargetDependency */ = {
			isa = PBXTargetDependency;
			target = FCD0EE81255007E6005FB3A4 /* PrimeModal */;
			targetProxy = FC61704025627CE900BC8B5D /* PBXContainerItemProxy */;
		};
		FCD0EE68255007E0005FB3A4 /* PBXTargetDependency */ = {
			isa = PBXTargetDependency;
			target = FCD0EE5C255007E0005FB3A4 /* Counter */;
			targetProxy = FCD0EE67255007E0005FB3A4 /* PBXContainerItemProxy */;
		};
		FCD0EE6A255007E0005FB3A4 /* PBXTargetDependency */ = {
			isa = PBXTargetDependency;
			target = FCB0118E2517A776000F7195 /* CombosableArchitecture */;
			targetProxy = FCD0EE69255007E0005FB3A4 /* PBXContainerItemProxy */;
		};
		FCD0EE71255007E0005FB3A4 /* PBXTargetDependency */ = {
			isa = PBXTargetDependency;
			target = FCD0EE5C255007E0005FB3A4 /* Counter */;
			targetProxy = FCD0EE70255007E0005FB3A4 /* PBXContainerItemProxy */;
		};
		FCD0EE8D255007E6005FB3A4 /* PBXTargetDependency */ = {
			isa = PBXTargetDependency;
			target = FCD0EE81255007E6005FB3A4 /* PrimeModal */;
			targetProxy = FCD0EE8C255007E6005FB3A4 /* PBXContainerItemProxy */;
		};
		FCD0EE8F255007E6005FB3A4 /* PBXTargetDependency */ = {
			isa = PBXTargetDependency;
			target = FCB0118E2517A776000F7195 /* CombosableArchitecture */;
			targetProxy = FCD0EE8E255007E6005FB3A4 /* PBXContainerItemProxy */;
		};
		FCD0EE96255007E6005FB3A4 /* PBXTargetDependency */ = {
			isa = PBXTargetDependency;
			target = FCD0EE81255007E6005FB3A4 /* PrimeModal */;
			targetProxy = FCD0EE95255007E6005FB3A4 /* PBXContainerItemProxy */;
		};
		FCD0EEB3255007EC005FB3A4 /* PBXTargetDependency */ = {
			isa = PBXTargetDependency;
			target = FCD0EEA7255007EB005FB3A4 /* FavoritePrimes */;
			targetProxy = FCD0EEB2255007EC005FB3A4 /* PBXContainerItemProxy */;
		};
		FCD0EEB5255007EC005FB3A4 /* PBXTargetDependency */ = {
			isa = PBXTargetDependency;
			target = FCB0118E2517A776000F7195 /* CombosableArchitecture */;
			targetProxy = FCD0EEB4255007EC005FB3A4 /* PBXContainerItemProxy */;
		};
		FCD0EEBC255007EC005FB3A4 /* PBXTargetDependency */ = {
			isa = PBXTargetDependency;
			target = FCD0EEA7255007EB005FB3A4 /* FavoritePrimes */;
			targetProxy = FCD0EEBB255007EC005FB3A4 /* PBXContainerItemProxy */;
		};
		FCD0EEDB255007F8005FB3A4 /* PBXTargetDependency */ = {
			isa = PBXTargetDependency;
			target = FCD0EECF255007F8005FB3A4 /* Core */;
			targetProxy = FCD0EEDA255007F8005FB3A4 /* PBXContainerItemProxy */;
		};
		FCD0EEDD255007F8005FB3A4 /* PBXTargetDependency */ = {
			isa = PBXTargetDependency;
			target = FCB0118E2517A776000F7195 /* CombosableArchitecture */;
			targetProxy = FCD0EEDC255007F8005FB3A4 /* PBXContainerItemProxy */;
		};
		FCD0EEE4255007F8005FB3A4 /* PBXTargetDependency */ = {
			isa = PBXTargetDependency;
			target = FCD0EECF255007F8005FB3A4 /* Core */;
			targetProxy = FCD0EEE3255007F8005FB3A4 /* PBXContainerItemProxy */;
		};
		FCEC34512586272E00FF0208 /* PBXTargetDependency */ = {
			isa = PBXTargetDependency;
			target = FCD0EECF255007F8005FB3A4 /* Core */;
			targetProxy = FCEC34502586272E00FF0208 /* PBXContainerItemProxy */;
		};
		FCEC34532586273700FF0208 /* PBXTargetDependency */ = {
			isa = PBXTargetDependency;
			target = FCD0EECF255007F8005FB3A4 /* Core */;
			targetProxy = FCEC34522586273700FF0208 /* PBXContainerItemProxy */;
		};
		FCFDEFF0257D15F200599DAB /* PBXTargetDependency */ = {
			isa = PBXTargetDependency;
			target = FCD0EECF255007F8005FB3A4 /* Core */;
			targetProxy = FCFDEFEF257D15F200599DAB /* PBXContainerItemProxy */;
		};
/* End PBXTargetDependency section */

/* Begin XCBuildConfiguration section */
		FC0EEBE625B48C1A004B0EB4 /* Debug */ = {
			isa = XCBuildConfiguration;
			buildSettings = {
				CODE_SIGN_STYLE = Automatic;
				CURRENT_PROJECT_VERSION = 1;
				DEFINES_MODULE = YES;
				DEVELOPMENT_TEAM = EPWV8KDDJE;
				DYLIB_COMPATIBILITY_VERSION = 1;
				DYLIB_CURRENT_VERSION = 1;
				DYLIB_INSTALL_NAME_BASE = "@rpath";
				INFOPLIST_FILE = Shared/Info.plist;
				INSTALL_PATH = "$(LOCAL_LIBRARY_DIR)/Frameworks";
				IPHONEOS_DEPLOYMENT_TARGET = 14.0;
				"IPHONEOS_DEPLOYMENT_TARGET[sdk=macosx*]" = 14.2;
				LD_RUNPATH_SEARCH_PATHS = (
					"$(inherited)",
					"@executable_path/Frameworks",
					"@loader_path/Frameworks",
				);
				PRODUCT_BUNDLE_IDENTIFIER = com.gwangyonglee.Shared;
				PRODUCT_NAME = "$(TARGET_NAME:c99extidentifier)";
				SKIP_INSTALL = YES;
				SWIFT_VERSION = 5.0;
				TARGETED_DEVICE_FAMILY = "1,2";
				VERSIONING_SYSTEM = "apple-generic";
				VERSION_INFO_PREFIX = "";
			};
			name = Debug;
		};
		FC0EEBE725B48C1A004B0EB4 /* Release */ = {
			isa = XCBuildConfiguration;
			buildSettings = {
				CODE_SIGN_STYLE = Automatic;
				CURRENT_PROJECT_VERSION = 1;
				DEFINES_MODULE = YES;
				DEVELOPMENT_TEAM = EPWV8KDDJE;
				DYLIB_COMPATIBILITY_VERSION = 1;
				DYLIB_CURRENT_VERSION = 1;
				DYLIB_INSTALL_NAME_BASE = "@rpath";
				INFOPLIST_FILE = Shared/Info.plist;
				INSTALL_PATH = "$(LOCAL_LIBRARY_DIR)/Frameworks";
				IPHONEOS_DEPLOYMENT_TARGET = 14.0;
				"IPHONEOS_DEPLOYMENT_TARGET[sdk=macosx*]" = 14.2;
				LD_RUNPATH_SEARCH_PATHS = (
					"$(inherited)",
					"@executable_path/Frameworks",
					"@loader_path/Frameworks",
				);
				PRODUCT_BUNDLE_IDENTIFIER = com.gwangyonglee.Shared;
				PRODUCT_NAME = "$(TARGET_NAME:c99extidentifier)";
				SKIP_INSTALL = YES;
				SWIFT_VERSION = 5.0;
				TARGETED_DEVICE_FAMILY = "1,2";
				VERSIONING_SYSTEM = "apple-generic";
				VERSION_INFO_PREFIX = "";
			};
			name = Release;
		};
		FCB0119C2517A777000F7195 /* Debug */ = {
			isa = XCBuildConfiguration;
			buildSettings = {
				ALWAYS_SEARCH_USER_PATHS = NO;
				CLANG_ANALYZER_NONNULL = YES;
				CLANG_ANALYZER_NUMBER_OBJECT_CONVERSION = YES_AGGRESSIVE;
				CLANG_CXX_LANGUAGE_STANDARD = "gnu++14";
				CLANG_CXX_LIBRARY = "libc++";
				CLANG_ENABLE_MODULES = YES;
				CLANG_ENABLE_OBJC_ARC = YES;
				CLANG_ENABLE_OBJC_WEAK = YES;
				CLANG_WARN_BLOCK_CAPTURE_AUTORELEASING = YES;
				CLANG_WARN_BOOL_CONVERSION = YES;
				CLANG_WARN_COMMA = YES;
				CLANG_WARN_CONSTANT_CONVERSION = YES;
				CLANG_WARN_DEPRECATED_OBJC_IMPLEMENTATIONS = YES;
				CLANG_WARN_DIRECT_OBJC_ISA_USAGE = YES_ERROR;
				CLANG_WARN_DOCUMENTATION_COMMENTS = YES;
				CLANG_WARN_EMPTY_BODY = YES;
				CLANG_WARN_ENUM_CONVERSION = YES;
				CLANG_WARN_INFINITE_RECURSION = YES;
				CLANG_WARN_INT_CONVERSION = YES;
				CLANG_WARN_NON_LITERAL_NULL_CONVERSION = YES;
				CLANG_WARN_OBJC_IMPLICIT_RETAIN_SELF = YES;
				CLANG_WARN_OBJC_LITERAL_CONVERSION = YES;
				CLANG_WARN_OBJC_ROOT_CLASS = YES_ERROR;
				CLANG_WARN_QUOTED_INCLUDE_IN_FRAMEWORK_HEADER = YES;
				CLANG_WARN_RANGE_LOOP_ANALYSIS = YES;
				CLANG_WARN_STRICT_PROTOTYPES = YES;
				CLANG_WARN_SUSPICIOUS_MOVE = YES;
				CLANG_WARN_UNGUARDED_AVAILABILITY = YES_AGGRESSIVE;
				CLANG_WARN_UNREACHABLE_CODE = YES;
				CLANG_WARN__DUPLICATE_METHOD_MATCH = YES;
				COPY_PHASE_STRIP = NO;
				DEBUG_INFORMATION_FORMAT = dwarf;
				ENABLE_STRICT_OBJC_MSGSEND = YES;
				ENABLE_TESTABILITY = YES;
				GCC_C_LANGUAGE_STANDARD = gnu11;
				GCC_DYNAMIC_NO_PIC = NO;
				GCC_NO_COMMON_BLOCKS = YES;
				GCC_OPTIMIZATION_LEVEL = 0;
				GCC_PREPROCESSOR_DEFINITIONS = (
					"DEBUG=1",
					"$(inherited)",
				);
				GCC_WARN_64_TO_32_BIT_CONVERSION = YES;
				GCC_WARN_ABOUT_RETURN_TYPE = YES_ERROR;
				GCC_WARN_UNDECLARED_SELECTOR = YES;
				GCC_WARN_UNINITIALIZED_AUTOS = YES_AGGRESSIVE;
				GCC_WARN_UNUSED_FUNCTION = YES;
				GCC_WARN_UNUSED_VARIABLE = YES;
				IPHONEOS_DEPLOYMENT_TARGET = 14.0;
				MTL_ENABLE_DEBUG_INFO = INCLUDE_SOURCE;
				MTL_FAST_MATH = YES;
				ONLY_ACTIVE_ARCH = YES;
				SDKROOT = iphoneos;
				SWIFT_ACTIVE_COMPILATION_CONDITIONS = DEBUG;
				SWIFT_OPTIMIZATION_LEVEL = "-Onone";
			};
			name = Debug;
		};
		FCB0119D2517A777000F7195 /* Release */ = {
			isa = XCBuildConfiguration;
			buildSettings = {
				ALWAYS_SEARCH_USER_PATHS = NO;
				CLANG_ANALYZER_NONNULL = YES;
				CLANG_ANALYZER_NUMBER_OBJECT_CONVERSION = YES_AGGRESSIVE;
				CLANG_CXX_LANGUAGE_STANDARD = "gnu++14";
				CLANG_CXX_LIBRARY = "libc++";
				CLANG_ENABLE_MODULES = YES;
				CLANG_ENABLE_OBJC_ARC = YES;
				CLANG_ENABLE_OBJC_WEAK = YES;
				CLANG_WARN_BLOCK_CAPTURE_AUTORELEASING = YES;
				CLANG_WARN_BOOL_CONVERSION = YES;
				CLANG_WARN_COMMA = YES;
				CLANG_WARN_CONSTANT_CONVERSION = YES;
				CLANG_WARN_DEPRECATED_OBJC_IMPLEMENTATIONS = YES;
				CLANG_WARN_DIRECT_OBJC_ISA_USAGE = YES_ERROR;
				CLANG_WARN_DOCUMENTATION_COMMENTS = YES;
				CLANG_WARN_EMPTY_BODY = YES;
				CLANG_WARN_ENUM_CONVERSION = YES;
				CLANG_WARN_INFINITE_RECURSION = YES;
				CLANG_WARN_INT_CONVERSION = YES;
				CLANG_WARN_NON_LITERAL_NULL_CONVERSION = YES;
				CLANG_WARN_OBJC_IMPLICIT_RETAIN_SELF = YES;
				CLANG_WARN_OBJC_LITERAL_CONVERSION = YES;
				CLANG_WARN_OBJC_ROOT_CLASS = YES_ERROR;
				CLANG_WARN_QUOTED_INCLUDE_IN_FRAMEWORK_HEADER = YES;
				CLANG_WARN_RANGE_LOOP_ANALYSIS = YES;
				CLANG_WARN_STRICT_PROTOTYPES = YES;
				CLANG_WARN_SUSPICIOUS_MOVE = YES;
				CLANG_WARN_UNGUARDED_AVAILABILITY = YES_AGGRESSIVE;
				CLANG_WARN_UNREACHABLE_CODE = YES;
				CLANG_WARN__DUPLICATE_METHOD_MATCH = YES;
				COPY_PHASE_STRIP = NO;
				DEBUG_INFORMATION_FORMAT = "dwarf-with-dsym";
				ENABLE_NS_ASSERTIONS = NO;
				ENABLE_STRICT_OBJC_MSGSEND = YES;
				GCC_C_LANGUAGE_STANDARD = gnu11;
				GCC_NO_COMMON_BLOCKS = YES;
				GCC_WARN_64_TO_32_BIT_CONVERSION = YES;
				GCC_WARN_ABOUT_RETURN_TYPE = YES_ERROR;
				GCC_WARN_UNDECLARED_SELECTOR = YES;
				GCC_WARN_UNINITIALIZED_AUTOS = YES_AGGRESSIVE;
				GCC_WARN_UNUSED_FUNCTION = YES;
				GCC_WARN_UNUSED_VARIABLE = YES;
				IPHONEOS_DEPLOYMENT_TARGET = 14.0;
				MTL_ENABLE_DEBUG_INFO = NO;
				MTL_FAST_MATH = YES;
				SDKROOT = iphoneos;
				SWIFT_COMPILATION_MODE = wholemodule;
				SWIFT_OPTIMIZATION_LEVEL = "-O";
				VALIDATE_PRODUCT = YES;
			};
			name = Release;
		};
		FCB0119F2517A777000F7195 /* Debug */ = {
			isa = XCBuildConfiguration;
			buildSettings = {
				ALWAYS_EMBED_SWIFT_STANDARD_LIBRARIES = YES;
				ASSETCATALOG_COMPILER_APPICON_NAME = AppIcon;
				ASSETCATALOG_COMPILER_GLOBAL_ACCENT_COLOR_NAME = AccentColor;
				CODE_SIGN_STYLE = Automatic;
				DEVELOPMENT_ASSET_PATHS = "\"CombosableArchitecture/Preview Content\"";
				DEVELOPMENT_TEAM = EPWV8KDDJE;
				ENABLE_PREVIEWS = YES;
				INFOPLIST_FILE = CombosableArchitecture/Info.plist;
				IPHONEOS_DEPLOYMENT_TARGET = 14.0;
				LD_RUNPATH_SEARCH_PATHS = (
					"$(inherited)",
					"@executable_path/Frameworks",
				);
				PRODUCT_BUNDLE_IDENTIFIER = com.gwangyonglee.CombosableArchitecture;
				PRODUCT_NAME = "$(TARGET_NAME)";
				SWIFT_VERSION = 5.0;
				TARGETED_DEVICE_FAMILY = "1,2";
			};
			name = Debug;
		};
		FCB011A02517A777000F7195 /* Release */ = {
			isa = XCBuildConfiguration;
			buildSettings = {
				ALWAYS_EMBED_SWIFT_STANDARD_LIBRARIES = YES;
				ASSETCATALOG_COMPILER_APPICON_NAME = AppIcon;
				ASSETCATALOG_COMPILER_GLOBAL_ACCENT_COLOR_NAME = AccentColor;
				CODE_SIGN_STYLE = Automatic;
				DEVELOPMENT_ASSET_PATHS = "\"CombosableArchitecture/Preview Content\"";
				DEVELOPMENT_TEAM = EPWV8KDDJE;
				ENABLE_PREVIEWS = YES;
				INFOPLIST_FILE = CombosableArchitecture/Info.plist;
				IPHONEOS_DEPLOYMENT_TARGET = 14.0;
				LD_RUNPATH_SEARCH_PATHS = (
					"$(inherited)",
					"@executable_path/Frameworks",
				);
				PRODUCT_BUNDLE_IDENTIFIER = com.gwangyonglee.CombosableArchitecture;
				PRODUCT_NAME = "$(TARGET_NAME)";
				SWIFT_VERSION = 5.0;
				TARGETED_DEVICE_FAMILY = "1,2";
			};
			name = Release;
		};
		FCD0EE75255007E0005FB3A4 /* Debug */ = {
			isa = XCBuildConfiguration;
			buildSettings = {
				CLANG_ENABLE_MODULES = YES;
				CODE_SIGN_STYLE = Automatic;
				CURRENT_PROJECT_VERSION = 1;
				DEFINES_MODULE = YES;
				DEVELOPMENT_TEAM = EPWV8KDDJE;
				DYLIB_COMPATIBILITY_VERSION = 1;
				DYLIB_CURRENT_VERSION = 1;
				DYLIB_INSTALL_NAME_BASE = "@rpath";
				INFOPLIST_FILE = Counter/Info.plist;
				INSTALL_PATH = "$(LOCAL_LIBRARY_DIR)/Frameworks";
				IPHONEOS_DEPLOYMENT_TARGET = 14.0;
				LD_RUNPATH_SEARCH_PATHS = (
					"$(inherited)",
					"@executable_path/Frameworks",
					"@loader_path/Frameworks",
				);
				PRODUCT_BUNDLE_IDENTIFIER = com.gwangyonglee.Counter;
				PRODUCT_NAME = "$(TARGET_NAME:c99extidentifier)";
				SKIP_INSTALL = YES;
				SWIFT_OPTIMIZATION_LEVEL = "-Onone";
				SWIFT_VERSION = 5.0;
				TARGETED_DEVICE_FAMILY = "1,2";
				VERSIONING_SYSTEM = "apple-generic";
				VERSION_INFO_PREFIX = "";
			};
			name = Debug;
		};
		FCD0EE76255007E0005FB3A4 /* Release */ = {
			isa = XCBuildConfiguration;
			buildSettings = {
				CLANG_ENABLE_MODULES = YES;
				CODE_SIGN_STYLE = Automatic;
				CURRENT_PROJECT_VERSION = 1;
				DEFINES_MODULE = YES;
				DEVELOPMENT_TEAM = EPWV8KDDJE;
				DYLIB_COMPATIBILITY_VERSION = 1;
				DYLIB_CURRENT_VERSION = 1;
				DYLIB_INSTALL_NAME_BASE = "@rpath";
				INFOPLIST_FILE = Counter/Info.plist;
				INSTALL_PATH = "$(LOCAL_LIBRARY_DIR)/Frameworks";
				IPHONEOS_DEPLOYMENT_TARGET = 14.0;
				LD_RUNPATH_SEARCH_PATHS = (
					"$(inherited)",
					"@executable_path/Frameworks",
					"@loader_path/Frameworks",
				);
				PRODUCT_BUNDLE_IDENTIFIER = com.gwangyonglee.Counter;
				PRODUCT_NAME = "$(TARGET_NAME:c99extidentifier)";
				SKIP_INSTALL = YES;
				SWIFT_VERSION = 5.0;
				TARGETED_DEVICE_FAMILY = "1,2";
				VERSIONING_SYSTEM = "apple-generic";
				VERSION_INFO_PREFIX = "";
			};
			name = Release;
		};
		FCD0EE77255007E0005FB3A4 /* Debug */ = {
			isa = XCBuildConfiguration;
			buildSettings = {
				ALWAYS_EMBED_SWIFT_STANDARD_LIBRARIES = YES;
				CODE_SIGN_STYLE = Automatic;
				DEVELOPMENT_TEAM = EPWV8KDDJE;
				INFOPLIST_FILE = CounterTests/Info.plist;
				IPHONEOS_DEPLOYMENT_TARGET = 14.1;
				LD_RUNPATH_SEARCH_PATHS = (
					"$(inherited)",
					"@executable_path/Frameworks",
					"@loader_path/Frameworks",
				);
				PRODUCT_BUNDLE_IDENTIFIER = com.gwangyonglee.CounterTests;
				PRODUCT_NAME = "$(TARGET_NAME)";
				SWIFT_VERSION = 5.0;
				TARGETED_DEVICE_FAMILY = "1,2";
				TEST_HOST = "$(BUILT_PRODUCTS_DIR)/CombosableArchitecture.app/CombosableArchitecture";
			};
			name = Debug;
		};
		FCD0EE78255007E0005FB3A4 /* Release */ = {
			isa = XCBuildConfiguration;
			buildSettings = {
				ALWAYS_EMBED_SWIFT_STANDARD_LIBRARIES = YES;
				CODE_SIGN_STYLE = Automatic;
				DEVELOPMENT_TEAM = EPWV8KDDJE;
				INFOPLIST_FILE = CounterTests/Info.plist;
				IPHONEOS_DEPLOYMENT_TARGET = 14.1;
				LD_RUNPATH_SEARCH_PATHS = (
					"$(inherited)",
					"@executable_path/Frameworks",
					"@loader_path/Frameworks",
				);
				PRODUCT_BUNDLE_IDENTIFIER = com.gwangyonglee.CounterTests;
				PRODUCT_NAME = "$(TARGET_NAME)";
				SWIFT_VERSION = 5.0;
				TARGETED_DEVICE_FAMILY = "1,2";
				TEST_HOST = "$(BUILT_PRODUCTS_DIR)/CombosableArchitecture.app/CombosableArchitecture";
			};
			name = Release;
		};
		FCD0EE9A255007E6005FB3A4 /* Debug */ = {
			isa = XCBuildConfiguration;
			buildSettings = {
				CLANG_ENABLE_MODULES = YES;
				CODE_SIGN_STYLE = Automatic;
				CURRENT_PROJECT_VERSION = 1;
				DEFINES_MODULE = YES;
				DEVELOPMENT_TEAM = EPWV8KDDJE;
				DYLIB_COMPATIBILITY_VERSION = 1;
				DYLIB_CURRENT_VERSION = 1;
				DYLIB_INSTALL_NAME_BASE = "@rpath";
				INFOPLIST_FILE = PrimeModal/Info.plist;
				INSTALL_PATH = "$(LOCAL_LIBRARY_DIR)/Frameworks";
				IPHONEOS_DEPLOYMENT_TARGET = 14.0;
				LD_RUNPATH_SEARCH_PATHS = (
					"$(inherited)",
					"@executable_path/Frameworks",
					"@loader_path/Frameworks",
				);
				PRODUCT_BUNDLE_IDENTIFIER = com.gwangyonglee.PrimeModal;
				PRODUCT_NAME = "$(TARGET_NAME:c99extidentifier)";
				SKIP_INSTALL = YES;
				SWIFT_OPTIMIZATION_LEVEL = "-Onone";
				SWIFT_VERSION = 5.0;
				TARGETED_DEVICE_FAMILY = "1,2";
				VERSIONING_SYSTEM = "apple-generic";
				VERSION_INFO_PREFIX = "";
			};
			name = Debug;
		};
		FCD0EE9B255007E6005FB3A4 /* Release */ = {
			isa = XCBuildConfiguration;
			buildSettings = {
				CLANG_ENABLE_MODULES = YES;
				CODE_SIGN_STYLE = Automatic;
				CURRENT_PROJECT_VERSION = 1;
				DEFINES_MODULE = YES;
				DEVELOPMENT_TEAM = EPWV8KDDJE;
				DYLIB_COMPATIBILITY_VERSION = 1;
				DYLIB_CURRENT_VERSION = 1;
				DYLIB_INSTALL_NAME_BASE = "@rpath";
				INFOPLIST_FILE = PrimeModal/Info.plist;
				INSTALL_PATH = "$(LOCAL_LIBRARY_DIR)/Frameworks";
				IPHONEOS_DEPLOYMENT_TARGET = 14.0;
				LD_RUNPATH_SEARCH_PATHS = (
					"$(inherited)",
					"@executable_path/Frameworks",
					"@loader_path/Frameworks",
				);
				PRODUCT_BUNDLE_IDENTIFIER = com.gwangyonglee.PrimeModal;
				PRODUCT_NAME = "$(TARGET_NAME:c99extidentifier)";
				SKIP_INSTALL = YES;
				SWIFT_VERSION = 5.0;
				TARGETED_DEVICE_FAMILY = "1,2";
				VERSIONING_SYSTEM = "apple-generic";
				VERSION_INFO_PREFIX = "";
			};
			name = Release;
		};
		FCD0EE9D255007E6005FB3A4 /* Debug */ = {
			isa = XCBuildConfiguration;
			buildSettings = {
				ALWAYS_EMBED_SWIFT_STANDARD_LIBRARIES = YES;
				CODE_SIGN_STYLE = Automatic;
				DEVELOPMENT_TEAM = EPWV8KDDJE;
				INFOPLIST_FILE = PrimeModalTests/Info.plist;
				IPHONEOS_DEPLOYMENT_TARGET = 14.1;
				LD_RUNPATH_SEARCH_PATHS = (
					"$(inherited)",
					"@executable_path/Frameworks",
					"@loader_path/Frameworks",
				);
				PRODUCT_BUNDLE_IDENTIFIER = com.gwangyonglee.PrimeModalTests;
				PRODUCT_NAME = "$(TARGET_NAME)";
				SWIFT_VERSION = 5.0;
				TARGETED_DEVICE_FAMILY = "1,2";
				TEST_HOST = "$(BUILT_PRODUCTS_DIR)/CombosableArchitecture.app/CombosableArchitecture";
			};
			name = Debug;
		};
		FCD0EE9E255007E6005FB3A4 /* Release */ = {
			isa = XCBuildConfiguration;
			buildSettings = {
				ALWAYS_EMBED_SWIFT_STANDARD_LIBRARIES = YES;
				CODE_SIGN_STYLE = Automatic;
				DEVELOPMENT_TEAM = EPWV8KDDJE;
				INFOPLIST_FILE = PrimeModalTests/Info.plist;
				IPHONEOS_DEPLOYMENT_TARGET = 14.1;
				LD_RUNPATH_SEARCH_PATHS = (
					"$(inherited)",
					"@executable_path/Frameworks",
					"@loader_path/Frameworks",
				);
				PRODUCT_BUNDLE_IDENTIFIER = com.gwangyonglee.PrimeModalTests;
				PRODUCT_NAME = "$(TARGET_NAME)";
				SWIFT_VERSION = 5.0;
				TARGETED_DEVICE_FAMILY = "1,2";
				TEST_HOST = "$(BUILT_PRODUCTS_DIR)/CombosableArchitecture.app/CombosableArchitecture";
			};
			name = Release;
		};
		FCD0EEC0255007EC005FB3A4 /* Debug */ = {
			isa = XCBuildConfiguration;
			buildSettings = {
				CLANG_ENABLE_MODULES = YES;
				CODE_SIGN_STYLE = Automatic;
				CURRENT_PROJECT_VERSION = 1;
				DEFINES_MODULE = YES;
				DEVELOPMENT_TEAM = EPWV8KDDJE;
				DYLIB_COMPATIBILITY_VERSION = 1;
				DYLIB_CURRENT_VERSION = 1;
				DYLIB_INSTALL_NAME_BASE = "@rpath";
				INFOPLIST_FILE = FavoritePrimes/Info.plist;
				INSTALL_PATH = "$(LOCAL_LIBRARY_DIR)/Frameworks";
				IPHONEOS_DEPLOYMENT_TARGET = 14.0;
				LD_RUNPATH_SEARCH_PATHS = (
					"$(inherited)",
					"@executable_path/Frameworks",
					"@loader_path/Frameworks",
				);
				PRODUCT_BUNDLE_IDENTIFIER = com.gwangyonglee.FavoritePrimes;
				PRODUCT_NAME = "$(TARGET_NAME:c99extidentifier)";
				SKIP_INSTALL = YES;
				SWIFT_OPTIMIZATION_LEVEL = "-Onone";
				SWIFT_VERSION = 5.0;
				TARGETED_DEVICE_FAMILY = "1,2";
				VERSIONING_SYSTEM = "apple-generic";
				VERSION_INFO_PREFIX = "";
			};
			name = Debug;
		};
		FCD0EEC1255007EC005FB3A4 /* Release */ = {
			isa = XCBuildConfiguration;
			buildSettings = {
				CLANG_ENABLE_MODULES = YES;
				CODE_SIGN_STYLE = Automatic;
				CURRENT_PROJECT_VERSION = 1;
				DEFINES_MODULE = YES;
				DEVELOPMENT_TEAM = EPWV8KDDJE;
				DYLIB_COMPATIBILITY_VERSION = 1;
				DYLIB_CURRENT_VERSION = 1;
				DYLIB_INSTALL_NAME_BASE = "@rpath";
				INFOPLIST_FILE = FavoritePrimes/Info.plist;
				INSTALL_PATH = "$(LOCAL_LIBRARY_DIR)/Frameworks";
				IPHONEOS_DEPLOYMENT_TARGET = 14.0;
				LD_RUNPATH_SEARCH_PATHS = (
					"$(inherited)",
					"@executable_path/Frameworks",
					"@loader_path/Frameworks",
				);
				PRODUCT_BUNDLE_IDENTIFIER = com.gwangyonglee.FavoritePrimes;
				PRODUCT_NAME = "$(TARGET_NAME:c99extidentifier)";
				SKIP_INSTALL = YES;
				SWIFT_VERSION = 5.0;
				TARGETED_DEVICE_FAMILY = "1,2";
				VERSIONING_SYSTEM = "apple-generic";
				VERSION_INFO_PREFIX = "";
			};
			name = Release;
		};
		FCD0EEC3255007EC005FB3A4 /* Debug */ = {
			isa = XCBuildConfiguration;
			buildSettings = {
				ALWAYS_EMBED_SWIFT_STANDARD_LIBRARIES = YES;
				CODE_SIGN_STYLE = Automatic;
				DEVELOPMENT_TEAM = EPWV8KDDJE;
				INFOPLIST_FILE = FavoritePrimesTests/Info.plist;
				IPHONEOS_DEPLOYMENT_TARGET = 14.1;
				LD_RUNPATH_SEARCH_PATHS = (
					"$(inherited)",
					"@executable_path/Frameworks",
					"@loader_path/Frameworks",
				);
				PRODUCT_BUNDLE_IDENTIFIER = com.gwangyonglee.FavoritePrimesTests;
				PRODUCT_NAME = "$(TARGET_NAME)";
				SWIFT_VERSION = 5.0;
				TARGETED_DEVICE_FAMILY = "1,2";
				TEST_HOST = "$(BUILT_PRODUCTS_DIR)/CombosableArchitecture.app/CombosableArchitecture";
			};
			name = Debug;
		};
		FCD0EEC4255007EC005FB3A4 /* Release */ = {
			isa = XCBuildConfiguration;
			buildSettings = {
				ALWAYS_EMBED_SWIFT_STANDARD_LIBRARIES = YES;
				CODE_SIGN_STYLE = Automatic;
				DEVELOPMENT_TEAM = EPWV8KDDJE;
				INFOPLIST_FILE = FavoritePrimesTests/Info.plist;
				IPHONEOS_DEPLOYMENT_TARGET = 14.1;
				LD_RUNPATH_SEARCH_PATHS = (
					"$(inherited)",
					"@executable_path/Frameworks",
					"@loader_path/Frameworks",
				);
				PRODUCT_BUNDLE_IDENTIFIER = com.gwangyonglee.FavoritePrimesTests;
				PRODUCT_NAME = "$(TARGET_NAME)";
				SWIFT_VERSION = 5.0;
				TARGETED_DEVICE_FAMILY = "1,2";
				TEST_HOST = "$(BUILT_PRODUCTS_DIR)/CombosableArchitecture.app/CombosableArchitecture";
			};
			name = Release;
		};
		FCD0EEE8255007F8005FB3A4 /* Debug */ = {
			isa = XCBuildConfiguration;
			buildSettings = {
				CLANG_ENABLE_MODULES = YES;
				CODE_SIGN_STYLE = Automatic;
				CURRENT_PROJECT_VERSION = 1;
				DEFINES_MODULE = YES;
				DEVELOPMENT_TEAM = EPWV8KDDJE;
				DYLIB_COMPATIBILITY_VERSION = 1;
				DYLIB_CURRENT_VERSION = 1;
				DYLIB_INSTALL_NAME_BASE = "@rpath";
				INFOPLIST_FILE = Core/Info.plist;
				INSTALL_PATH = "$(LOCAL_LIBRARY_DIR)/Frameworks";
				IPHONEOS_DEPLOYMENT_TARGET = 14.0;
				LD_RUNPATH_SEARCH_PATHS = (
					"$(inherited)",
					"@executable_path/Frameworks",
					"@loader_path/Frameworks",
				);
				PRODUCT_BUNDLE_IDENTIFIER = com.gwangyonglee.Core;
				PRODUCT_NAME = "$(TARGET_NAME:c99extidentifier)";
				SKIP_INSTALL = YES;
				SWIFT_OPTIMIZATION_LEVEL = "-Onone";
				SWIFT_VERSION = 5.0;
				TARGETED_DEVICE_FAMILY = "1,2";
				VERSIONING_SYSTEM = "apple-generic";
				VERSION_INFO_PREFIX = "";
			};
			name = Debug;
		};
		FCD0EEE9255007F8005FB3A4 /* Release */ = {
			isa = XCBuildConfiguration;
			buildSettings = {
				CLANG_ENABLE_MODULES = YES;
				CODE_SIGN_STYLE = Automatic;
				CURRENT_PROJECT_VERSION = 1;
				DEFINES_MODULE = YES;
				DEVELOPMENT_TEAM = EPWV8KDDJE;
				DYLIB_COMPATIBILITY_VERSION = 1;
				DYLIB_CURRENT_VERSION = 1;
				DYLIB_INSTALL_NAME_BASE = "@rpath";
				INFOPLIST_FILE = Core/Info.plist;
				INSTALL_PATH = "$(LOCAL_LIBRARY_DIR)/Frameworks";
				IPHONEOS_DEPLOYMENT_TARGET = 14.0;
				LD_RUNPATH_SEARCH_PATHS = (
					"$(inherited)",
					"@executable_path/Frameworks",
					"@loader_path/Frameworks",
				);
				PRODUCT_BUNDLE_IDENTIFIER = com.gwangyonglee.Core;
				PRODUCT_NAME = "$(TARGET_NAME:c99extidentifier)";
				SKIP_INSTALL = YES;
				SWIFT_VERSION = 5.0;
				TARGETED_DEVICE_FAMILY = "1,2";
				VERSIONING_SYSTEM = "apple-generic";
				VERSION_INFO_PREFIX = "";
			};
			name = Release;
		};
		FCD0EEEB255007F8005FB3A4 /* Debug */ = {
			isa = XCBuildConfiguration;
			buildSettings = {
				ALWAYS_EMBED_SWIFT_STANDARD_LIBRARIES = YES;
				CODE_SIGN_STYLE = Automatic;
				DEVELOPMENT_TEAM = EPWV8KDDJE;
				INFOPLIST_FILE = CoreTests/Info.plist;
				IPHONEOS_DEPLOYMENT_TARGET = 14.1;
				LD_RUNPATH_SEARCH_PATHS = (
					"$(inherited)",
					"@executable_path/Frameworks",
					"@loader_path/Frameworks",
				);
				PRODUCT_BUNDLE_IDENTIFIER = com.gwangyonglee.CoreTests;
				PRODUCT_NAME = "$(TARGET_NAME)";
				SWIFT_VERSION = 5.0;
				TARGETED_DEVICE_FAMILY = "1,2";
				TEST_HOST = "$(BUILT_PRODUCTS_DIR)/CombosableArchitecture.app/CombosableArchitecture";
			};
			name = Debug;
		};
		FCD0EEEC255007F8005FB3A4 /* Release */ = {
			isa = XCBuildConfiguration;
			buildSettings = {
				ALWAYS_EMBED_SWIFT_STANDARD_LIBRARIES = YES;
				CODE_SIGN_STYLE = Automatic;
				DEVELOPMENT_TEAM = EPWV8KDDJE;
				INFOPLIST_FILE = CoreTests/Info.plist;
				IPHONEOS_DEPLOYMENT_TARGET = 14.1;
				LD_RUNPATH_SEARCH_PATHS = (
					"$(inherited)",
					"@executable_path/Frameworks",
					"@loader_path/Frameworks",
				);
				PRODUCT_BUNDLE_IDENTIFIER = com.gwangyonglee.CoreTests;
				PRODUCT_NAME = "$(TARGET_NAME)";
				SWIFT_VERSION = 5.0;
				TARGETED_DEVICE_FAMILY = "1,2";
				TEST_HOST = "$(BUILT_PRODUCTS_DIR)/CombosableArchitecture.app/CombosableArchitecture";
			};
			name = Release;
		};
/* End XCBuildConfiguration section */

/* Begin XCConfigurationList section */
		FC0EEBE525B48C1A004B0EB4 /* Build configuration list for PBXNativeTarget "Shared" */ = {
			isa = XCConfigurationList;
			buildConfigurations = (
				FC0EEBE625B48C1A004B0EB4 /* Debug */,
				FC0EEBE725B48C1A004B0EB4 /* Release */,
			);
			defaultConfigurationIsVisible = 0;
			defaultConfigurationName = Release;
		};
		FCB0118A2517A776000F7195 /* Build configuration list for PBXProject "CombosableArchitecture" */ = {
			isa = XCConfigurationList;
			buildConfigurations = (
				FCB0119C2517A777000F7195 /* Debug */,
				FCB0119D2517A777000F7195 /* Release */,
			);
			defaultConfigurationIsVisible = 0;
			defaultConfigurationName = Release;
		};
		FCB0119E2517A777000F7195 /* Build configuration list for PBXNativeTarget "CombosableArchitecture" */ = {
			isa = XCConfigurationList;
			buildConfigurations = (
				FCB0119F2517A777000F7195 /* Debug */,
				FCB011A02517A777000F7195 /* Release */,
			);
			defaultConfigurationIsVisible = 0;
			defaultConfigurationName = Release;
		};
		FCD0EE79255007E0005FB3A4 /* Build configuration list for PBXNativeTarget "Counter" */ = {
			isa = XCConfigurationList;
			buildConfigurations = (
				FCD0EE75255007E0005FB3A4 /* Debug */,
				FCD0EE76255007E0005FB3A4 /* Release */,
			);
			defaultConfigurationIsVisible = 0;
			defaultConfigurationName = Release;
		};
		FCD0EE7A255007E0005FB3A4 /* Build configuration list for PBXNativeTarget "CounterTests" */ = {
			isa = XCConfigurationList;
			buildConfigurations = (
				FCD0EE77255007E0005FB3A4 /* Debug */,
				FCD0EE78255007E0005FB3A4 /* Release */,
			);
			defaultConfigurationIsVisible = 0;
			defaultConfigurationName = Release;
		};
		FCD0EE99255007E6005FB3A4 /* Build configuration list for PBXNativeTarget "PrimeModal" */ = {
			isa = XCConfigurationList;
			buildConfigurations = (
				FCD0EE9A255007E6005FB3A4 /* Debug */,
				FCD0EE9B255007E6005FB3A4 /* Release */,
			);
			defaultConfigurationIsVisible = 0;
			defaultConfigurationName = Release;
		};
		FCD0EE9C255007E6005FB3A4 /* Build configuration list for PBXNativeTarget "PrimeModalTests" */ = {
			isa = XCConfigurationList;
			buildConfigurations = (
				FCD0EE9D255007E6005FB3A4 /* Debug */,
				FCD0EE9E255007E6005FB3A4 /* Release */,
			);
			defaultConfigurationIsVisible = 0;
			defaultConfigurationName = Release;
		};
		FCD0EEBF255007EC005FB3A4 /* Build configuration list for PBXNativeTarget "FavoritePrimes" */ = {
			isa = XCConfigurationList;
			buildConfigurations = (
				FCD0EEC0255007EC005FB3A4 /* Debug */,
				FCD0EEC1255007EC005FB3A4 /* Release */,
			);
			defaultConfigurationIsVisible = 0;
			defaultConfigurationName = Release;
		};
		FCD0EEC2255007EC005FB3A4 /* Build configuration list for PBXNativeTarget "FavoritePrimesTests" */ = {
			isa = XCConfigurationList;
			buildConfigurations = (
				FCD0EEC3255007EC005FB3A4 /* Debug */,
				FCD0EEC4255007EC005FB3A4 /* Release */,
			);
			defaultConfigurationIsVisible = 0;
			defaultConfigurationName = Release;
		};
		FCD0EEE7255007F8005FB3A4 /* Build configuration list for PBXNativeTarget "Core" */ = {
			isa = XCConfigurationList;
			buildConfigurations = (
				FCD0EEE8255007F8005FB3A4 /* Debug */,
				FCD0EEE9255007F8005FB3A4 /* Release */,
			);
			defaultConfigurationIsVisible = 0;
			defaultConfigurationName = Release;
		};
		FCD0EEEA255007F8005FB3A4 /* Build configuration list for PBXNativeTarget "CoreTests" */ = {
			isa = XCConfigurationList;
			buildConfigurations = (
				FCD0EEEB255007F8005FB3A4 /* Debug */,
				FCD0EEEC255007F8005FB3A4 /* Release */,
			);
			defaultConfigurationIsVisible = 0;
			defaultConfigurationName = Release;
		};
/* End XCConfigurationList section */
	};
	rootObject = FCB011872517A776000F7195 /* Project object */;
}
